// !$*UTF8*$!
{
	archiveVersion = 1;
	classes = {
	};
	objectVersion = 55;
	objects = {

/* Begin PBXBuildFile section */
		06684F392C18C942F8FAD0AE /* Pods_MVVMUnitTesting_MVVMUnitTestingUITests.framework in Frameworks */ = {isa = PBXBuildFile; fileRef = 2913847DA3CD40A97617BE06 /* Pods_MVVMUnitTesting_MVVMUnitTestingUITests.framework */; };
		50F8459E6C1E409E4957C860 /* Pods_MVVMUnitTestingTests.framework in Frameworks */ = {isa = PBXBuildFile; fileRef = 681B29B95D71AACF2F3F4A4D /* Pods_MVVMUnitTestingTests.framework */; };
		868C06E927C2303300C8B04E /* AppDelegate.swift in Sources */ = {isa = PBXBuildFile; fileRef = 868C06E827C2303300C8B04E /* AppDelegate.swift */; };
		868C06F227C2303300C8B04E /* Assets.xcassets in Resources */ = {isa = PBXBuildFile; fileRef = 868C06F127C2303300C8B04E /* Assets.xcassets */; };
		868C06F527C2303300C8B04E /* LaunchScreen.storyboard in Resources */ = {isa = PBXBuildFile; fileRef = 868C06F327C2303300C8B04E /* LaunchScreen.storyboard */; };
		86B9059927C241B3003FB18C /* R.generated.swift in Sources */ = {isa = PBXBuildFile; fileRef = 86B9059827C241B3003FB18C /* R.generated.swift */; };
		86C83F5D27C29DE200E9DE80 /* News.swift in Sources */ = {isa = PBXBuildFile; fileRef = 86C83F5C27C29DE200E9DE80 /* News.swift */; };
		86C83F6127C2A02600E9DE80 /* Response.swift in Sources */ = {isa = PBXBuildFile; fileRef = 86C83F6027C2A02600E9DE80 /* Response.swift */; };
		86C83F6927C2A25A00E9DE80 /* ResponseError.swift in Sources */ = {isa = PBXBuildFile; fileRef = 86C83F6827C2A25A00E9DE80 /* ResponseError.swift */; };
		86C83F6B27C2A27200E9DE80 /* Response+Result.swift in Sources */ = {isa = PBXBuildFile; fileRef = 86C83F6A27C2A27200E9DE80 /* Response+Result.swift */; };
		86C83F6D27C2A3D800E9DE80 /* String+Extensions.swift in Sources */ = {isa = PBXBuildFile; fileRef = 86C83F6C27C2A3D800E9DE80 /* String+Extensions.swift */; };
		86C83F7227C2AC8E00E9DE80 /* UIImageView+ImageResource.swift in Sources */ = {isa = PBXBuildFile; fileRef = 86C83F7127C2AC8E00E9DE80 /* UIImageView+ImageResource.swift */; };
		86C83F7527C2ACD600E9DE80 /* ImageResource.swift in Sources */ = {isa = PBXBuildFile; fileRef = 86C83F7427C2ACD600E9DE80 /* ImageResource.swift */; };
		86C83F7727C2ADF800E9DE80 /* URL+ImageResource.swift in Sources */ = {isa = PBXBuildFile; fileRef = 86C83F7627C2ADF800E9DE80 /* URL+ImageResource.swift */; };
		86C83F7927C2AED300E9DE80 /* HomeTableSection.swift in Sources */ = {isa = PBXBuildFile; fileRef = 86C83F7827C2AED300E9DE80 /* HomeTableSection.swift */; };
		86C83F7B27C2B1B800E9DE80 /* Dictionary+Extensions.swift in Sources */ = {isa = PBXBuildFile; fileRef = 86C83F7A27C2B1B800E9DE80 /* Dictionary+Extensions.swift */; };
		86C83F7D27C2B43E00E9DE80 /* BaseNavigationController.swift in Sources */ = {isa = PBXBuildFile; fileRef = 86C83F7C27C2B43E00E9DE80 /* BaseNavigationController.swift */; };
		86C83F7F27C2B46200E9DE80 /* HomeNavigationController.swift in Sources */ = {isa = PBXBuildFile; fileRef = 86C83F7E27C2B46200E9DE80 /* HomeNavigationController.swift */; };
		86C83F8527C2B5DE00E9DE80 /* Localizable.strings in Resources */ = {isa = PBXBuildFile; fileRef = 86C83F8727C2B5DE00E9DE80 /* Localizable.strings */; };
		86C83F8B27C2B6D300E9DE80 /* RSwift+Extensions.swift in Sources */ = {isa = PBXBuildFile; fileRef = 86C83F8A27C2B6D300E9DE80 /* RSwift+Extensions.swift */; };
		86C83F8F27C2BA7700E9DE80 /* FakeConfiguration.swift in Sources */ = {isa = PBXBuildFile; fileRef = 86C83F8E27C2BA7700E9DE80 /* FakeConfiguration.swift */; };
		86C83F9327C2BAE800E9DE80 /* FakeNewsRepository.swift in Sources */ = {isa = PBXBuildFile; fileRef = 86C83F9227C2BAE800E9DE80 /* FakeNewsRepository.swift */; };
		86C83F9627C2BB6D00E9DE80 /* FakeEndpoints.swift in Sources */ = {isa = PBXBuildFile; fileRef = 86C83F9527C2BB6D00E9DE80 /* FakeEndpoints.swift */; };
		86C83F9F27C2BD3700E9DE80 /* FakeGetNewsUseCase.swift in Sources */ = {isa = PBXBuildFile; fileRef = 86C83F9E27C2BD3700E9DE80 /* FakeGetNewsUseCase.swift */; };
		86C83FA527C2BDC300E9DE80 /* FakeHomeViewModel.swift in Sources */ = {isa = PBXBuildFile; fileRef = 86C83FA427C2BDC300E9DE80 /* FakeHomeViewModel.swift */; };
		86C83FA827C2BE1700E9DE80 /* FakeBaseViewModel.swift in Sources */ = {isa = PBXBuildFile; fileRef = 86C83FA727C2BE1700E9DE80 /* FakeBaseViewModel.swift */; };
		86C83FAD27C2C36800E9DE80 /* ConfigurationTests.swift in Sources */ = {isa = PBXBuildFile; fileRef = 86C83FAC27C2C36800E9DE80 /* ConfigurationTests.swift */; };
		86C83FAF27C2C37900E9DE80 /* FakeConfiguration.plist in Resources */ = {isa = PBXBuildFile; fileRef = 86C83FAE27C2C37900E9DE80 /* FakeConfiguration.plist */; };
		86C83FB327C2C65D00E9DE80 /* R.generated.swift in Sources */ = {isa = PBXBuildFile; fileRef = 86C83FB227C2C65D00E9DE80 /* R.generated.swift */; };
		86C83FB827C2C71700E9DE80 /* NewsRemoteRepositoryTests.swift in Sources */ = {isa = PBXBuildFile; fileRef = 86C83FB727C2C71700E9DE80 /* NewsRemoteRepositoryTests.swift */; };
		86C83FBB27C2C7E800E9DE80 /* FakeApiClient.swift in Sources */ = {isa = PBXBuildFile; fileRef = 86C83FBA27C2C7E800E9DE80 /* FakeApiClient.swift */; };
		86C83FBD27C2CB4D00E9DE80 /* FakeResolver.swift in Sources */ = {isa = PBXBuildFile; fileRef = 86C83FBC27C2CB4D00E9DE80 /* FakeResolver.swift */; };
		86C83FC227C2CD6F00E9DE80 /* GetNewsRequest+Zero.swift in Sources */ = {isa = PBXBuildFile; fileRef = 86C83FC127C2CD6F00E9DE80 /* GetNewsRequest+Zero.swift */; };
		86C83FC627C2CDCD00E9DE80 /* String+Zero.swift in Sources */ = {isa = PBXBuildFile; fileRef = 86C83FC527C2CDCD00E9DE80 /* String+Zero.swift */; };
		86C83FCB27C2D09900E9DE80 /* MockNewsGoodResponseWith2Items.json in Resources */ = {isa = PBXBuildFile; fileRef = 86C83FCA27C2D09900E9DE80 /* MockNewsGoodResponseWith2Items.json */; };
		86C83FCF27C2D50500E9DE80 /* MockedNewsErrorResponse.json in Resources */ = {isa = PBXBuildFile; fileRef = 86C83FCE27C2D50500E9DE80 /* MockedNewsErrorResponse.json */; };
		86C83FD227C2D89E00E9DE80 /* EndpointsTests.swift in Sources */ = {isa = PBXBuildFile; fileRef = 86C83FD127C2D89E00E9DE80 /* EndpointsTests.swift */; };
		86D88F3727C2480000D09E6F /* Configuration.plist in Resources */ = {isa = PBXBuildFile; fileRef = 86D88F3627C2480000D09E6F /* Configuration.plist */; };
		86D88F3A27C24D8100D09E6F /* ApiClient.swift in Sources */ = {isa = PBXBuildFile; fileRef = 86D88F3927C24D8100D09E6F /* ApiClient.swift */; };
		86D88F3C27C24DA200D09E6F /* AlamofireApiClient.swift in Sources */ = {isa = PBXBuildFile; fileRef = 86D88F3B27C24DA200D09E6F /* AlamofireApiClient.swift */; };
		86D88F4027C24E1400D09E6F /* JSONRequest.swift in Sources */ = {isa = PBXBuildFile; fileRef = 86D88F3F27C24E1400D09E6F /* JSONRequest.swift */; };
		86D88F4227C24E2200D09E6F /* HTTPMethod.swift in Sources */ = {isa = PBXBuildFile; fileRef = 86D88F4127C24E2200D09E6F /* HTTPMethod.swift */; };
		86D88F4527C24E4B00D09E6F /* AppDelegate+Injection.swift in Sources */ = {isa = PBXBuildFile; fileRef = 86D88F4427C24E4B00D09E6F /* AppDelegate+Injection.swift */; };
		86D88F4827C24ED900D09E6F /* DependencyInjectionFunctions.swift in Sources */ = {isa = PBXBuildFile; fileRef = 86D88F4727C24ED900D09E6F /* DependencyInjectionFunctions.swift */; };
		86D88F4B27C24F0700D09E6F /* Data+Injection.swift in Sources */ = {isa = PBXBuildFile; fileRef = 86D88F4A27C24F0700D09E6F /* Data+Injection.swift */; };
		86D88F4E27C24F2900D09E6F /* Domain+Injection.swift in Sources */ = {isa = PBXBuildFile; fileRef = 86D88F4D27C24F2900D09E6F /* Domain+Injection.swift */; };
		86D88F5127C24F3700D09E6F /* UI+Injection.swift in Sources */ = {isa = PBXBuildFile; fileRef = 86D88F5027C24F3700D09E6F /* UI+Injection.swift */; };
		86D88F5427C2505F00D09E6F /* BaseViewController.swift in Sources */ = {isa = PBXBuildFile; fileRef = 86D88F5327C2505F00D09E6F /* BaseViewController.swift */; };
		86D88F5827C2513D00D09E6F /* BaseViewModel.swift in Sources */ = {isa = PBXBuildFile; fileRef = 86D88F5727C2513D00D09E6F /* BaseViewModel.swift */; };
		86D88F5A27C2515500D09E6F /* BaseViewModelProtocol.swift in Sources */ = {isa = PBXBuildFile; fileRef = 86D88F5927C2515500D09E6F /* BaseViewModelProtocol.swift */; };
		86D88F5C27C251AA00D09E6F /* HomeViewController.swift in Sources */ = {isa = PBXBuildFile; fileRef = 86D88F5B27C251AA00D09E6F /* HomeViewController.swift */; };
		86D88F6027C251CA00D09E6F /* Home.storyboard in Resources */ = {isa = PBXBuildFile; fileRef = 86D88F5F27C251CA00D09E6F /* Home.storyboard */; };
		86D88F6227C251E800D09E6F /* HomeViewModel.swift in Sources */ = {isa = PBXBuildFile; fileRef = 86D88F6127C251E800D09E6F /* HomeViewModel.swift */; };
		86D88F6427C251EF00D09E6F /* HomeViewModelProtocol.swift in Sources */ = {isa = PBXBuildFile; fileRef = 86D88F6327C251EF00D09E6F /* HomeViewModelProtocol.swift */; };
		86D88F6727C2542100D09E6F /* Home+Injection.swift in Sources */ = {isa = PBXBuildFile; fileRef = 86D88F6627C2542100D09E6F /* Home+Injection.swift */; };
		86D88F6B27C2576A00D09E6F /* Configuration.swift in Sources */ = {isa = PBXBuildFile; fileRef = 86D88F6A27C2576A00D09E6F /* Configuration.swift */; };
		86D88F6D27C257AB00D09E6F /* Application+Injection.swift in Sources */ = {isa = PBXBuildFile; fileRef = 86D88F6C27C257AB00D09E6F /* Application+Injection.swift */; };
		86D88F6F27C257FB00D09E6F /* ConfigurationProtocol.swift in Sources */ = {isa = PBXBuildFile; fileRef = 86D88F6E27C257FB00D09E6F /* ConfigurationProtocol.swift */; };
		86D88F7127C259B700D09E6F /* JSONResponse.swift in Sources */ = {isa = PBXBuildFile; fileRef = 86D88F7027C259B700D09E6F /* JSONResponse.swift */; };
		86D88F7527C25A1400D09E6F /* ApiError.swift in Sources */ = {isa = PBXBuildFile; fileRef = 86D88F7427C25A1400D09E6F /* ApiError.swift */; };
		86D88F7727C25A2900D09E6F /* APIClientError.swift in Sources */ = {isa = PBXBuildFile; fileRef = 86D88F7627C25A2900D09E6F /* APIClientError.swift */; };
		86D88F7927C2606C00D09E6F /* ApiClient+Injection.swift in Sources */ = {isa = PBXBuildFile; fileRef = 86D88F7827C2606C00D09E6F /* ApiClient+Injection.swift */; };
		86D88F7D27C2615500D09E6F /* GetNewsUseCase.swift in Sources */ = {isa = PBXBuildFile; fileRef = 86D88F7C27C2615500D09E6F /* GetNewsUseCase.swift */; };
		86D88F7F27C2615F00D09E6F /* GetNews.swift in Sources */ = {isa = PBXBuildFile; fileRef = 86D88F7E27C2615F00D09E6F /* GetNews.swift */; };
		86D88F8427C261A900D09E6F /* GetNewsInputs.swift in Sources */ = {isa = PBXBuildFile; fileRef = 86D88F8327C261A900D09E6F /* GetNewsInputs.swift */; };
		86D88F8A27C262D300D09E6F /* NewsRepository.swift in Sources */ = {isa = PBXBuildFile; fileRef = 86D88F8927C262D300D09E6F /* NewsRepository.swift */; };
		86D88F8C27C262E100D09E6F /* NewsRemoteRepostiory.swift in Sources */ = {isa = PBXBuildFile; fileRef = 86D88F8B27C262E100D09E6F /* NewsRemoteRepostiory.swift */; };
		86D88F9227C2637400D09E6F /* GetNewsRequest.swift in Sources */ = {isa = PBXBuildFile; fileRef = 86D88F9127C2637400D09E6F /* GetNewsRequest.swift */; };
		86D88F9927C2645700D09E6F /* BaseRemoteRepository.swift in Sources */ = {isa = PBXBuildFile; fileRef = 86D88F9827C2645700D09E6F /* BaseRemoteRepository.swift */; };
		86D88F9D27C2657400D09E6F /* Endpoints.swift in Sources */ = {isa = PBXBuildFile; fileRef = 86D88F9C27C2657400D09E6F /* Endpoints.swift */; };
		86D88F9F27C2660800D09E6F /* EndpointsProtocol.swift in Sources */ = {isa = PBXBuildFile; fileRef = 86D88F9E27C2660800D09E6F /* EndpointsProtocol.swift */; };
		86D88FA227C268CB00D09E6F /* NewsApiURLs.swift in Sources */ = {isa = PBXBuildFile; fileRef = 86D88FA127C268CB00D09E6F /* NewsApiURLs.swift */; };
		86D88FA727C26BE500D09E6F /* Encodable+Extensions.swift in Sources */ = {isa = PBXBuildFile; fileRef = 86D88FA627C26BE500D09E6F /* Encodable+Extensions.swift */; };
		86D88FA927C26C7100D09E6F /* GetNewsResponse.swift in Sources */ = {isa = PBXBuildFile; fileRef = 86D88FA827C26C7100D09E6F /* GetNewsResponse.swift */; };
		86D88FAB27C26CB900D09E6F /* NewsDataModel.swift in Sources */ = {isa = PBXBuildFile; fileRef = 86D88FAA27C26CB900D09E6F /* NewsDataModel.swift */; };
		86D88FAD27C26CD700D09E6F /* NewsSourceDataModel.swift in Sources */ = {isa = PBXBuildFile; fileRef = 86D88FAC27C26CD700D09E6F /* NewsSourceDataModel.swift */; };
		86D88FB327C2975300D09E6F /* NewsCell.swift in Sources */ = {isa = PBXBuildFile; fileRef = 86D88FB127C2975300D09E6F /* NewsCell.swift */; };
		86D88FB427C2975300D09E6F /* NewsCell.xib in Resources */ = {isa = PBXBuildFile; fileRef = 86D88FB227C2975300D09E6F /* NewsCell.xib */; };
		86D88FB927C2979C00D09E6F /* NewsCellViewModel.swift in Sources */ = {isa = PBXBuildFile; fileRef = 86D88FB827C2979C00D09E6F /* NewsCellViewModel.swift */; };
		86D88FBB27C298A900D09E6F /* NewsCellViewModelProtocol.swift in Sources */ = {isa = PBXBuildFile; fileRef = 86D88FBA27C298A900D09E6F /* NewsCellViewModelProtocol.swift */; };
		86D88FC027C2997200D09E6F /* UITableView+Extensions.swift in Sources */ = {isa = PBXBuildFile; fileRef = 86D88FBF27C2997200D09E6F /* UITableView+Extensions.swift */; };
		86D88FC227C29AAA00D09E6F /* HomeTableItem.swift in Sources */ = {isa = PBXBuildFile; fileRef = 86D88FC127C29AAA00D09E6F /* HomeTableItem.swift */; };
		A33711E50A560F7BF449DD9E /* Pods_MVVMUnitTesting.framework in Frameworks */ = {isa = PBXBuildFile; fileRef = C8D4BE7BB5208F6D278A68B7 /* Pods_MVVMUnitTesting.framework */; };
/* End PBXBuildFile section */

/* Begin PBXContainerItemProxy section */
		868C06FC27C2303400C8B04E /* PBXContainerItemProxy */ = {
			isa = PBXContainerItemProxy;
			containerPortal = 868C06DD27C2303300C8B04E /* Project object */;
			proxyType = 1;
			remoteGlobalIDString = 868C06E427C2303300C8B04E;
			remoteInfo = MVVMUnitTesting;
		};
		868C070627C2303400C8B04E /* PBXContainerItemProxy */ = {
			isa = PBXContainerItemProxy;
			containerPortal = 868C06DD27C2303300C8B04E /* Project object */;
			proxyType = 1;
			remoteGlobalIDString = 868C06E427C2303300C8B04E;
			remoteInfo = MVVMUnitTesting;
		};
/* End PBXContainerItemProxy section */

/* Begin PBXFileReference section */
		2913847DA3CD40A97617BE06 /* Pods_MVVMUnitTesting_MVVMUnitTestingUITests.framework */ = {isa = PBXFileReference; explicitFileType = wrapper.framework; includeInIndex = 0; path = Pods_MVVMUnitTesting_MVVMUnitTestingUITests.framework; sourceTree = BUILT_PRODUCTS_DIR; };
		51152F5532CD07C4A89B530B /* Pods-MVVMUnitTesting-MVVMUnitTestingUITests.debug.xcconfig */ = {isa = PBXFileReference; includeInIndex = 1; lastKnownFileType = text.xcconfig; name = "Pods-MVVMUnitTesting-MVVMUnitTestingUITests.debug.xcconfig"; path = "Target Support Files/Pods-MVVMUnitTesting-MVVMUnitTestingUITests/Pods-MVVMUnitTesting-MVVMUnitTestingUITests.debug.xcconfig"; sourceTree = "<group>"; };
		681B29B95D71AACF2F3F4A4D /* Pods_MVVMUnitTestingTests.framework */ = {isa = PBXFileReference; explicitFileType = wrapper.framework; includeInIndex = 0; path = Pods_MVVMUnitTestingTests.framework; sourceTree = BUILT_PRODUCTS_DIR; };
		7451021C2B20A3033511AAF1 /* Pods-MVVMUnitTesting.release.xcconfig */ = {isa = PBXFileReference; includeInIndex = 1; lastKnownFileType = text.xcconfig; name = "Pods-MVVMUnitTesting.release.xcconfig"; path = "Target Support Files/Pods-MVVMUnitTesting/Pods-MVVMUnitTesting.release.xcconfig"; sourceTree = "<group>"; };
		868C06E527C2303300C8B04E /* MVVMUnitTesting.app */ = {isa = PBXFileReference; explicitFileType = wrapper.application; includeInIndex = 0; path = MVVMUnitTesting.app; sourceTree = BUILT_PRODUCTS_DIR; };
		868C06E827C2303300C8B04E /* AppDelegate.swift */ = {isa = PBXFileReference; lastKnownFileType = sourcecode.swift; path = AppDelegate.swift; sourceTree = "<group>"; };
		868C06F127C2303300C8B04E /* Assets.xcassets */ = {isa = PBXFileReference; lastKnownFileType = folder.assetcatalog; path = Assets.xcassets; sourceTree = "<group>"; };
		868C06F427C2303300C8B04E /* Base */ = {isa = PBXFileReference; lastKnownFileType = file.storyboard; name = Base; path = Base.lproj/LaunchScreen.storyboard; sourceTree = "<group>"; };
		868C06F627C2303300C8B04E /* Info.plist */ = {isa = PBXFileReference; lastKnownFileType = text.plist.xml; path = Info.plist; sourceTree = "<group>"; };
		868C06FB27C2303400C8B04E /* MVVMUnitTestingTests.xctest */ = {isa = PBXFileReference; explicitFileType = wrapper.cfbundle; includeInIndex = 0; path = MVVMUnitTestingTests.xctest; sourceTree = BUILT_PRODUCTS_DIR; };
		868C070527C2303400C8B04E /* MVVMUnitTestingUITests.xctest */ = {isa = PBXFileReference; explicitFileType = wrapper.cfbundle; includeInIndex = 0; path = MVVMUnitTestingUITests.xctest; sourceTree = BUILT_PRODUCTS_DIR; };
		86B9059827C241B3003FB18C /* R.generated.swift */ = {isa = PBXFileReference; fileEncoding = 4; lastKnownFileType = sourcecode.swift; path = R.generated.swift; sourceTree = "<group>"; };
		86C83F5C27C29DE200E9DE80 /* News.swift */ = {isa = PBXFileReference; lastKnownFileType = sourcecode.swift; path = News.swift; sourceTree = "<group>"; };
		86C83F6027C2A02600E9DE80 /* Response.swift */ = {isa = PBXFileReference; lastKnownFileType = sourcecode.swift; path = Response.swift; sourceTree = "<group>"; };
		86C83F6827C2A25A00E9DE80 /* ResponseError.swift */ = {isa = PBXFileReference; lastKnownFileType = sourcecode.swift; path = ResponseError.swift; sourceTree = "<group>"; };
		86C83F6A27C2A27200E9DE80 /* Response+Result.swift */ = {isa = PBXFileReference; lastKnownFileType = sourcecode.swift; path = "Response+Result.swift"; sourceTree = "<group>"; };
		86C83F6C27C2A3D800E9DE80 /* String+Extensions.swift */ = {isa = PBXFileReference; lastKnownFileType = sourcecode.swift; path = "String+Extensions.swift"; sourceTree = "<group>"; };
		86C83F7127C2AC8E00E9DE80 /* UIImageView+ImageResource.swift */ = {isa = PBXFileReference; lastKnownFileType = sourcecode.swift; path = "UIImageView+ImageResource.swift"; sourceTree = "<group>"; };
		86C83F7427C2ACD600E9DE80 /* ImageResource.swift */ = {isa = PBXFileReference; lastKnownFileType = sourcecode.swift; path = ImageResource.swift; sourceTree = "<group>"; };
		86C83F7627C2ADF800E9DE80 /* URL+ImageResource.swift */ = {isa = PBXFileReference; lastKnownFileType = sourcecode.swift; path = "URL+ImageResource.swift"; sourceTree = "<group>"; };
		86C83F7827C2AED300E9DE80 /* HomeTableSection.swift */ = {isa = PBXFileReference; lastKnownFileType = sourcecode.swift; path = HomeTableSection.swift; sourceTree = "<group>"; };
		86C83F7A27C2B1B800E9DE80 /* Dictionary+Extensions.swift */ = {isa = PBXFileReference; lastKnownFileType = sourcecode.swift; path = "Dictionary+Extensions.swift"; sourceTree = "<group>"; };
		86C83F7C27C2B43E00E9DE80 /* BaseNavigationController.swift */ = {isa = PBXFileReference; lastKnownFileType = sourcecode.swift; path = BaseNavigationController.swift; sourceTree = "<group>"; };
		86C83F7E27C2B46200E9DE80 /* HomeNavigationController.swift */ = {isa = PBXFileReference; lastKnownFileType = sourcecode.swift; path = HomeNavigationController.swift; sourceTree = "<group>"; };
		86C83F8627C2B5DE00E9DE80 /* en */ = {isa = PBXFileReference; lastKnownFileType = text.plist.strings; name = en; path = en.lproj/Localizable.strings; sourceTree = "<group>"; };
		86C83F8827C2B6A600E9DE80 /* tr */ = {isa = PBXFileReference; lastKnownFileType = text.plist.strings; name = tr; path = tr.lproj/Localizable.strings; sourceTree = "<group>"; };
		86C83F8A27C2B6D300E9DE80 /* RSwift+Extensions.swift */ = {isa = PBXFileReference; lastKnownFileType = sourcecode.swift; path = "RSwift+Extensions.swift"; sourceTree = "<group>"; };
		86C83F8E27C2BA7700E9DE80 /* FakeConfiguration.swift */ = {isa = PBXFileReference; lastKnownFileType = sourcecode.swift; path = FakeConfiguration.swift; sourceTree = "<group>"; };
		86C83F9227C2BAE800E9DE80 /* FakeNewsRepository.swift */ = {isa = PBXFileReference; lastKnownFileType = sourcecode.swift; path = FakeNewsRepository.swift; sourceTree = "<group>"; };
		86C83F9527C2BB6D00E9DE80 /* FakeEndpoints.swift */ = {isa = PBXFileReference; lastKnownFileType = sourcecode.swift; path = FakeEndpoints.swift; sourceTree = "<group>"; };
		86C83F9E27C2BD3700E9DE80 /* FakeGetNewsUseCase.swift */ = {isa = PBXFileReference; lastKnownFileType = sourcecode.swift; path = FakeGetNewsUseCase.swift; sourceTree = "<group>"; };
		86C83FA427C2BDC300E9DE80 /* FakeHomeViewModel.swift */ = {isa = PBXFileReference; lastKnownFileType = sourcecode.swift; path = FakeHomeViewModel.swift; sourceTree = "<group>"; };
		86C83FA727C2BE1700E9DE80 /* FakeBaseViewModel.swift */ = {isa = PBXFileReference; lastKnownFileType = sourcecode.swift; path = FakeBaseViewModel.swift; sourceTree = "<group>"; };
		86C83FAC27C2C36800E9DE80 /* ConfigurationTests.swift */ = {isa = PBXFileReference; lastKnownFileType = sourcecode.swift; path = ConfigurationTests.swift; sourceTree = "<group>"; };
		86C83FAE27C2C37900E9DE80 /* FakeConfiguration.plist */ = {isa = PBXFileReference; lastKnownFileType = text.plist.xml; path = FakeConfiguration.plist; sourceTree = "<group>"; };
		86C83FB227C2C65D00E9DE80 /* R.generated.swift */ = {isa = PBXFileReference; fileEncoding = 4; lastKnownFileType = sourcecode.swift; path = R.generated.swift; sourceTree = "<group>"; };
		86C83FB727C2C71700E9DE80 /* NewsRemoteRepositoryTests.swift */ = {isa = PBXFileReference; lastKnownFileType = sourcecode.swift; path = NewsRemoteRepositoryTests.swift; sourceTree = "<group>"; };
		86C83FBA27C2C7E800E9DE80 /* FakeApiClient.swift */ = {isa = PBXFileReference; lastKnownFileType = sourcecode.swift; path = FakeApiClient.swift; sourceTree = "<group>"; };
		86C83FBC27C2CB4D00E9DE80 /* FakeResolver.swift */ = {isa = PBXFileReference; lastKnownFileType = sourcecode.swift; path = FakeResolver.swift; sourceTree = "<group>"; };
		86C83FC127C2CD6F00E9DE80 /* GetNewsRequest+Zero.swift */ = {isa = PBXFileReference; lastKnownFileType = sourcecode.swift; path = "GetNewsRequest+Zero.swift"; sourceTree = "<group>"; };
		86C83FC527C2CDCD00E9DE80 /* String+Zero.swift */ = {isa = PBXFileReference; lastKnownFileType = sourcecode.swift; path = "String+Zero.swift"; sourceTree = "<group>"; };
		86C83FCA27C2D09900E9DE80 /* MockNewsGoodResponseWith2Items.json */ = {isa = PBXFileReference; lastKnownFileType = text.json; path = MockNewsGoodResponseWith2Items.json; sourceTree = "<group>"; };
		86C83FCE27C2D50500E9DE80 /* MockedNewsErrorResponse.json */ = {isa = PBXFileReference; lastKnownFileType = text.json; path = MockedNewsErrorResponse.json; sourceTree = "<group>"; };
		86C83FD127C2D89E00E9DE80 /* EndpointsTests.swift */ = {isa = PBXFileReference; lastKnownFileType = sourcecode.swift; path = EndpointsTests.swift; sourceTree = "<group>"; };
		86D88F3627C2480000D09E6F /* Configuration.plist */ = {isa = PBXFileReference; lastKnownFileType = text.plist.xml; path = Configuration.plist; sourceTree = "<group>"; };
		86D88F3927C24D8100D09E6F /* ApiClient.swift */ = {isa = PBXFileReference; lastKnownFileType = sourcecode.swift; path = ApiClient.swift; sourceTree = "<group>"; };
		86D88F3B27C24DA200D09E6F /* AlamofireApiClient.swift */ = {isa = PBXFileReference; lastKnownFileType = sourcecode.swift; path = AlamofireApiClient.swift; sourceTree = "<group>"; };
		86D88F3F27C24E1400D09E6F /* JSONRequest.swift */ = {isa = PBXFileReference; lastKnownFileType = sourcecode.swift; path = JSONRequest.swift; sourceTree = "<group>"; };
		86D88F4127C24E2200D09E6F /* HTTPMethod.swift */ = {isa = PBXFileReference; lastKnownFileType = sourcecode.swift; path = HTTPMethod.swift; sourceTree = "<group>"; };
		86D88F4427C24E4B00D09E6F /* AppDelegate+Injection.swift */ = {isa = PBXFileReference; lastKnownFileType = sourcecode.swift; path = "AppDelegate+Injection.swift"; sourceTree = "<group>"; };
		86D88F4727C24ED900D09E6F /* DependencyInjectionFunctions.swift */ = {isa = PBXFileReference; lastKnownFileType = sourcecode.swift; path = DependencyInjectionFunctions.swift; sourceTree = "<group>"; };
		86D88F4A27C24F0700D09E6F /* Data+Injection.swift */ = {isa = PBXFileReference; lastKnownFileType = sourcecode.swift; path = "Data+Injection.swift"; sourceTree = "<group>"; };
		86D88F4D27C24F2900D09E6F /* Domain+Injection.swift */ = {isa = PBXFileReference; lastKnownFileType = sourcecode.swift; path = "Domain+Injection.swift"; sourceTree = "<group>"; };
		86D88F5027C24F3700D09E6F /* UI+Injection.swift */ = {isa = PBXFileReference; lastKnownFileType = sourcecode.swift; path = "UI+Injection.swift"; sourceTree = "<group>"; };
		86D88F5327C2505F00D09E6F /* BaseViewController.swift */ = {isa = PBXFileReference; lastKnownFileType = sourcecode.swift; path = BaseViewController.swift; sourceTree = "<group>"; };
		86D88F5727C2513D00D09E6F /* BaseViewModel.swift */ = {isa = PBXFileReference; lastKnownFileType = sourcecode.swift; path = BaseViewModel.swift; sourceTree = "<group>"; };
		86D88F5927C2515500D09E6F /* BaseViewModelProtocol.swift */ = {isa = PBXFileReference; lastKnownFileType = sourcecode.swift; path = BaseViewModelProtocol.swift; sourceTree = "<group>"; };
		86D88F5B27C251AA00D09E6F /* HomeViewController.swift */ = {isa = PBXFileReference; lastKnownFileType = sourcecode.swift; path = HomeViewController.swift; sourceTree = "<group>"; };
		86D88F5F27C251CA00D09E6F /* Home.storyboard */ = {isa = PBXFileReference; lastKnownFileType = file.storyboard; path = Home.storyboard; sourceTree = "<group>"; };
		86D88F6127C251E800D09E6F /* HomeViewModel.swift */ = {isa = PBXFileReference; lastKnownFileType = sourcecode.swift; path = HomeViewModel.swift; sourceTree = "<group>"; };
		86D88F6327C251EF00D09E6F /* HomeViewModelProtocol.swift */ = {isa = PBXFileReference; lastKnownFileType = sourcecode.swift; path = HomeViewModelProtocol.swift; sourceTree = "<group>"; };
		86D88F6627C2542100D09E6F /* Home+Injection.swift */ = {isa = PBXFileReference; lastKnownFileType = sourcecode.swift; path = "Home+Injection.swift"; sourceTree = "<group>"; };
		86D88F6A27C2576A00D09E6F /* Configuration.swift */ = {isa = PBXFileReference; lastKnownFileType = sourcecode.swift; path = Configuration.swift; sourceTree = "<group>"; };
		86D88F6C27C257AB00D09E6F /* Application+Injection.swift */ = {isa = PBXFileReference; lastKnownFileType = sourcecode.swift; path = "Application+Injection.swift"; sourceTree = "<group>"; };
		86D88F6E27C257FB00D09E6F /* ConfigurationProtocol.swift */ = {isa = PBXFileReference; lastKnownFileType = sourcecode.swift; path = ConfigurationProtocol.swift; sourceTree = "<group>"; };
		86D88F7027C259B700D09E6F /* JSONResponse.swift */ = {isa = PBXFileReference; lastKnownFileType = sourcecode.swift; path = JSONResponse.swift; sourceTree = "<group>"; };
		86D88F7427C25A1400D09E6F /* ApiError.swift */ = {isa = PBXFileReference; lastKnownFileType = sourcecode.swift; path = ApiError.swift; sourceTree = "<group>"; };
		86D88F7627C25A2900D09E6F /* APIClientError.swift */ = {isa = PBXFileReference; lastKnownFileType = sourcecode.swift; path = APIClientError.swift; sourceTree = "<group>"; };
		86D88F7827C2606C00D09E6F /* ApiClient+Injection.swift */ = {isa = PBXFileReference; lastKnownFileType = sourcecode.swift; path = "ApiClient+Injection.swift"; sourceTree = "<group>"; };
		86D88F7C27C2615500D09E6F /* GetNewsUseCase.swift */ = {isa = PBXFileReference; lastKnownFileType = sourcecode.swift; path = GetNewsUseCase.swift; sourceTree = "<group>"; };
		86D88F7E27C2615F00D09E6F /* GetNews.swift */ = {isa = PBXFileReference; lastKnownFileType = sourcecode.swift; path = GetNews.swift; sourceTree = "<group>"; };
		86D88F8327C261A900D09E6F /* GetNewsInputs.swift */ = {isa = PBXFileReference; lastKnownFileType = sourcecode.swift; path = GetNewsInputs.swift; sourceTree = "<group>"; };
		86D88F8927C262D300D09E6F /* NewsRepository.swift */ = {isa = PBXFileReference; lastKnownFileType = sourcecode.swift; path = NewsRepository.swift; sourceTree = "<group>"; };
		86D88F8B27C262E100D09E6F /* NewsRemoteRepostiory.swift */ = {isa = PBXFileReference; lastKnownFileType = sourcecode.swift; path = NewsRemoteRepostiory.swift; sourceTree = "<group>"; };
		86D88F9127C2637400D09E6F /* GetNewsRequest.swift */ = {isa = PBXFileReference; lastKnownFileType = sourcecode.swift; path = GetNewsRequest.swift; sourceTree = "<group>"; };
		86D88F9827C2645700D09E6F /* BaseRemoteRepository.swift */ = {isa = PBXFileReference; lastKnownFileType = sourcecode.swift; path = BaseRemoteRepository.swift; sourceTree = "<group>"; };
		86D88F9C27C2657400D09E6F /* Endpoints.swift */ = {isa = PBXFileReference; lastKnownFileType = sourcecode.swift; path = Endpoints.swift; sourceTree = "<group>"; };
		86D88F9E27C2660800D09E6F /* EndpointsProtocol.swift */ = {isa = PBXFileReference; lastKnownFileType = sourcecode.swift; path = EndpointsProtocol.swift; sourceTree = "<group>"; };
		86D88FA127C268CB00D09E6F /* NewsApiURLs.swift */ = {isa = PBXFileReference; lastKnownFileType = sourcecode.swift; path = NewsApiURLs.swift; sourceTree = "<group>"; };
		86D88FA627C26BE500D09E6F /* Encodable+Extensions.swift */ = {isa = PBXFileReference; lastKnownFileType = sourcecode.swift; path = "Encodable+Extensions.swift"; sourceTree = "<group>"; };
		86D88FA827C26C7100D09E6F /* GetNewsResponse.swift */ = {isa = PBXFileReference; lastKnownFileType = sourcecode.swift; path = GetNewsResponse.swift; sourceTree = "<group>"; };
		86D88FAA27C26CB900D09E6F /* NewsDataModel.swift */ = {isa = PBXFileReference; lastKnownFileType = sourcecode.swift; path = NewsDataModel.swift; sourceTree = "<group>"; };
		86D88FAC27C26CD700D09E6F /* NewsSourceDataModel.swift */ = {isa = PBXFileReference; lastKnownFileType = sourcecode.swift; path = NewsSourceDataModel.swift; sourceTree = "<group>"; };
		86D88FB127C2975300D09E6F /* NewsCell.swift */ = {isa = PBXFileReference; lastKnownFileType = sourcecode.swift; path = NewsCell.swift; sourceTree = "<group>"; };
		86D88FB227C2975300D09E6F /* NewsCell.xib */ = {isa = PBXFileReference; lastKnownFileType = file.xib; path = NewsCell.xib; sourceTree = "<group>"; };
		86D88FB827C2979C00D09E6F /* NewsCellViewModel.swift */ = {isa = PBXFileReference; lastKnownFileType = sourcecode.swift; path = NewsCellViewModel.swift; sourceTree = "<group>"; };
		86D88FBA27C298A900D09E6F /* NewsCellViewModelProtocol.swift */ = {isa = PBXFileReference; lastKnownFileType = sourcecode.swift; path = NewsCellViewModelProtocol.swift; sourceTree = "<group>"; };
		86D88FBF27C2997200D09E6F /* UITableView+Extensions.swift */ = {isa = PBXFileReference; lastKnownFileType = sourcecode.swift; path = "UITableView+Extensions.swift"; sourceTree = "<group>"; };
		86D88FC127C29AAA00D09E6F /* HomeTableItem.swift */ = {isa = PBXFileReference; lastKnownFileType = sourcecode.swift; path = HomeTableItem.swift; sourceTree = "<group>"; };
		C8D4BE7BB5208F6D278A68B7 /* Pods_MVVMUnitTesting.framework */ = {isa = PBXFileReference; explicitFileType = wrapper.framework; includeInIndex = 0; path = Pods_MVVMUnitTesting.framework; sourceTree = BUILT_PRODUCTS_DIR; };
		CD4F3627ADD3F629656C1ACD /* Pods-MVVMUnitTestingTests.release.xcconfig */ = {isa = PBXFileReference; includeInIndex = 1; lastKnownFileType = text.xcconfig; name = "Pods-MVVMUnitTestingTests.release.xcconfig"; path = "Target Support Files/Pods-MVVMUnitTestingTests/Pods-MVVMUnitTestingTests.release.xcconfig"; sourceTree = "<group>"; };
		E47E11052BDF4CF8A27AE736 /* Pods-MVVMUnitTesting-MVVMUnitTestingUITests.release.xcconfig */ = {isa = PBXFileReference; includeInIndex = 1; lastKnownFileType = text.xcconfig; name = "Pods-MVVMUnitTesting-MVVMUnitTestingUITests.release.xcconfig"; path = "Target Support Files/Pods-MVVMUnitTesting-MVVMUnitTestingUITests/Pods-MVVMUnitTesting-MVVMUnitTestingUITests.release.xcconfig"; sourceTree = "<group>"; };
		ED41FE322B4320DEFC585724 /* Pods-MVVMUnitTestingTests.debug.xcconfig */ = {isa = PBXFileReference; includeInIndex = 1; lastKnownFileType = text.xcconfig; name = "Pods-MVVMUnitTestingTests.debug.xcconfig"; path = "Target Support Files/Pods-MVVMUnitTestingTests/Pods-MVVMUnitTestingTests.debug.xcconfig"; sourceTree = "<group>"; };
		FFA53EB5BFDC313963AE19AB /* Pods-MVVMUnitTesting.debug.xcconfig */ = {isa = PBXFileReference; includeInIndex = 1; lastKnownFileType = text.xcconfig; name = "Pods-MVVMUnitTesting.debug.xcconfig"; path = "Target Support Files/Pods-MVVMUnitTesting/Pods-MVVMUnitTesting.debug.xcconfig"; sourceTree = "<group>"; };
/* End PBXFileReference section */

/* Begin PBXFrameworksBuildPhase section */
		868C06E227C2303300C8B04E /* Frameworks */ = {
			isa = PBXFrameworksBuildPhase;
			buildActionMask = 2147483647;
			files = (
				A33711E50A560F7BF449DD9E /* Pods_MVVMUnitTesting.framework in Frameworks */,
			);
			runOnlyForDeploymentPostprocessing = 0;
		};
		868C06F827C2303400C8B04E /* Frameworks */ = {
			isa = PBXFrameworksBuildPhase;
			buildActionMask = 2147483647;
			files = (
				50F8459E6C1E409E4957C860 /* Pods_MVVMUnitTestingTests.framework in Frameworks */,
			);
			runOnlyForDeploymentPostprocessing = 0;
		};
		868C070227C2303400C8B04E /* Frameworks */ = {
			isa = PBXFrameworksBuildPhase;
			buildActionMask = 2147483647;
			files = (
				06684F392C18C942F8FAD0AE /* Pods_MVVMUnitTesting_MVVMUnitTestingUITests.framework in Frameworks */,
			);
			runOnlyForDeploymentPostprocessing = 0;
		};
/* End PBXFrameworksBuildPhase section */

/* Begin PBXGroup section */
		139A322A5A155DFC0DDB5A77 /* Frameworks */ = {
			isa = PBXGroup;
			children = (
				C8D4BE7BB5208F6D278A68B7 /* Pods_MVVMUnitTesting.framework */,
				2913847DA3CD40A97617BE06 /* Pods_MVVMUnitTesting_MVVMUnitTestingUITests.framework */,
				681B29B95D71AACF2F3F4A4D /* Pods_MVVMUnitTestingTests.framework */,
			);
			name = Frameworks;
			sourceTree = "<group>";
		};
		362751D1460B33F5B6589103 /* Pods */ = {
			isa = PBXGroup;
			children = (
				FFA53EB5BFDC313963AE19AB /* Pods-MVVMUnitTesting.debug.xcconfig */,
				7451021C2B20A3033511AAF1 /* Pods-MVVMUnitTesting.release.xcconfig */,
				51152F5532CD07C4A89B530B /* Pods-MVVMUnitTesting-MVVMUnitTestingUITests.debug.xcconfig */,
				E47E11052BDF4CF8A27AE736 /* Pods-MVVMUnitTesting-MVVMUnitTestingUITests.release.xcconfig */,
				ED41FE322B4320DEFC585724 /* Pods-MVVMUnitTestingTests.debug.xcconfig */,
				CD4F3627ADD3F629656C1ACD /* Pods-MVVMUnitTestingTests.release.xcconfig */,
			);
			path = Pods;
			sourceTree = "<group>";
		};
		868C06DC27C2303300C8B04E = {
			isa = PBXGroup;
			children = (
				868C06E727C2303300C8B04E /* MVVMUnitTesting */,
				868C06FE27C2303400C8B04E /* MVVMUnitTestingTests */,
				868C070827C2303400C8B04E /* MVVMUnitTestingUITests */,
				86B9059727C24199003FB18C /* Generated */,
				868C06E627C2303300C8B04E /* Products */,
				362751D1460B33F5B6589103 /* Pods */,
				139A322A5A155DFC0DDB5A77 /* Frameworks */,
			);
			sourceTree = "<group>";
		};
		868C06E627C2303300C8B04E /* Products */ = {
			isa = PBXGroup;
			children = (
				868C06E527C2303300C8B04E /* MVVMUnitTesting.app */,
				868C06FB27C2303400C8B04E /* MVVMUnitTestingTests.xctest */,
				868C070527C2303400C8B04E /* MVVMUnitTestingUITests.xctest */,
			);
			name = Products;
			sourceTree = "<group>";
		};
		868C06E727C2303300C8B04E /* MVVMUnitTesting */ = {
			isa = PBXGroup;
			children = (
				86D88F2E27C2463600D09E6F /* Application */,
				86D88F2927C2463600D09E6F /* Data */,
				86D88F2A27C2463600D09E6F /* Domain */,
				86D88F2B27C2463600D09E6F /* UI */,
				86D88FA527C26BD000D09E6F /* Extensions */,
			);
			path = MVVMUnitTesting;
			sourceTree = "<group>";
		};
		868C06FE27C2303400C8B04E /* MVVMUnitTestingTests */ = {
			isa = PBXGroup;
			children = (
				86C83FA927C2C26500E9DE80 /* Tests */,
				86C83F8C27C2B94D00E9DE80 /* Fake */,
				86C83FB027C2C5D100E9DE80 /* Generated */,
			);
			path = MVVMUnitTestingTests;
			sourceTree = "<group>";
		};
		868C070827C2303400C8B04E /* MVVMUnitTestingUITests */ = {
			isa = PBXGroup;
			children = (
			);
			path = MVVMUnitTestingUITests;
			sourceTree = "<group>";
		};
		86B9059727C24199003FB18C /* Generated */ = {
			isa = PBXGroup;
			children = (
				86B9059827C241B3003FB18C /* R.generated.swift */,
			);
			path = Generated;
			sourceTree = "<group>";
		};
		86C83F5E27C2A00600E9DE80 /* Model */ = {
			isa = PBXGroup;
			children = (
				86C83F6027C2A02600E9DE80 /* Response.swift */,
				86C83F6827C2A25A00E9DE80 /* ResponseError.swift */,
				86C83F6A27C2A27200E9DE80 /* Response+Result.swift */,
			);
			path = Model;
			sourceTree = "<group>";
		};
		86C83F7327C2ACC400E9DE80 /* Model */ = {
			isa = PBXGroup;
			children = (
				86C83F7427C2ACD600E9DE80 /* ImageResource.swift */,
			);
			path = Model;
			sourceTree = "<group>";
		};
		86C83F8027C2B56000E9DE80 /* Components */ = {
			isa = PBXGroup;
			children = (
				86D88F5227C2505100D09E6F /* Base */,
				86D88F2D27C2463600D09E6F /* Home */,
				86D88FA427C26AA900D09E6F /* Launch */,
			);
			path = Components;
			sourceTree = "<group>";
		};
		86C83F8227C2B58100E9DE80 /* Resources */ = {
			isa = PBXGroup;
			children = (
				86C83F8727C2B5DE00E9DE80 /* Localizable.strings */,
			);
			path = Resources;
			sourceTree = "<group>";
		};
		86C83F8927C2B6CA00E9DE80 /* RSwift */ = {
			isa = PBXGroup;
			children = (
				86C83F8A27C2B6D300E9DE80 /* RSwift+Extensions.swift */,
			);
			path = RSwift;
			sourceTree = "<group>";
		};
		86C83F8C27C2B94D00E9DE80 /* Fake */ = {
			isa = PBXGroup;
			children = (
				86C83FC327C2CDAC00E9DE80 /* Extensions */,
				86C83F8D27C2BA5B00E9DE80 /* Application */,
				86C83F9027C2BAB900E9DE80 /* Data */,
				86C83F9A27C2BCF200E9DE80 /* Domain */,
				86C83FA027C2BD9300E9DE80 /* UI */,
			);
			path = Fake;
			sourceTree = "<group>";
		};
		86C83F8D27C2BA5B00E9DE80 /* Application */ = {
			isa = PBXGroup;
			children = (
				86C83F8E27C2BA7700E9DE80 /* FakeConfiguration.swift */,
				86C83FBC27C2CB4D00E9DE80 /* FakeResolver.swift */,
			);
			path = Application;
			sourceTree = "<group>";
		};
		86C83F9027C2BAB900E9DE80 /* Data */ = {
			isa = PBXGroup;
			children = (
				86C83FB927C2C7DE00E9DE80 /* ApiClient */,
				86C83F9427C2BB6300E9DE80 /* Endpoints */,
				86C83F9127C2BAE000E9DE80 /* News */,
			);
			path = Data;
			sourceTree = "<group>";
		};
		86C83F9127C2BAE000E9DE80 /* News */ = {
			isa = PBXGroup;
			children = (
				86C83FBF27C2CD5000E9DE80 /* Repository */,
				86C83FBE27C2CD4A00E9DE80 /* Model */,
			);
			path = News;
			sourceTree = "<group>";
		};
		86C83F9427C2BB6300E9DE80 /* Endpoints */ = {
			isa = PBXGroup;
			children = (
				86C83F9527C2BB6D00E9DE80 /* FakeEndpoints.swift */,
			);
			path = Endpoints;
			sourceTree = "<group>";
		};
		86C83F9A27C2BCF200E9DE80 /* Domain */ = {
			isa = PBXGroup;
			children = (
				86C83F9B27C2BD0900E9DE80 /* News */,
			);
			path = Domain;
			sourceTree = "<group>";
		};
		86C83F9B27C2BD0900E9DE80 /* News */ = {
			isa = PBXGroup;
			children = (
				86C83F9C27C2BD0D00E9DE80 /* GetNews */,
			);
			path = News;
			sourceTree = "<group>";
		};
		86C83F9C27C2BD0D00E9DE80 /* GetNews */ = {
			isa = PBXGroup;
			children = (
				86C83F9D27C2BD1800E9DE80 /* UseCase */,
			);
			path = GetNews;
			sourceTree = "<group>";
		};
		86C83F9D27C2BD1800E9DE80 /* UseCase */ = {
			isa = PBXGroup;
			children = (
				86C83F9E27C2BD3700E9DE80 /* FakeGetNewsUseCase.swift */,
			);
			path = UseCase;
			sourceTree = "<group>";
		};
		86C83FA027C2BD9300E9DE80 /* UI */ = {
			isa = PBXGroup;
			children = (
				86C83FA127C2BDA000E9DE80 /* Components */,
			);
			path = UI;
			sourceTree = "<group>";
		};
		86C83FA127C2BDA000E9DE80 /* Components */ = {
			isa = PBXGroup;
			children = (
				86C83FA627C2BE0400E9DE80 /* Base */,
				86C83FA227C2BDA700E9DE80 /* Home */,
			);
			path = Components;
			sourceTree = "<group>";
		};
		86C83FA227C2BDA700E9DE80 /* Home */ = {
			isa = PBXGroup;
			children = (
				86C83FA327C2BDB000E9DE80 /* ViewModel */,
			);
			path = Home;
			sourceTree = "<group>";
		};
		86C83FA327C2BDB000E9DE80 /* ViewModel */ = {
			isa = PBXGroup;
			children = (
				86C83FA427C2BDC300E9DE80 /* FakeHomeViewModel.swift */,
			);
			path = ViewModel;
			sourceTree = "<group>";
		};
		86C83FA627C2BE0400E9DE80 /* Base */ = {
			isa = PBXGroup;
			children = (
				86C83FA727C2BE1700E9DE80 /* FakeBaseViewModel.swift */,
			);
			path = Base;
			sourceTree = "<group>";
		};
		86C83FA927C2C26500E9DE80 /* Tests */ = {
			isa = PBXGroup;
			children = (
				86C83FAA27C2C34F00E9DE80 /* Application */,
				86C83FB427C2C6D400E9DE80 /* Data */,
			);
			path = Tests;
			sourceTree = "<group>";
		};
		86C83FAA27C2C34F00E9DE80 /* Application */ = {
			isa = PBXGroup;
			children = (
				86C83FAB27C2C35400E9DE80 /* Configuration */,
			);
			path = Application;
			sourceTree = "<group>";
		};
		86C83FAB27C2C35400E9DE80 /* Configuration */ = {
			isa = PBXGroup;
			children = (
				86C83FAC27C2C36800E9DE80 /* ConfigurationTests.swift */,
				86C83FAE27C2C37900E9DE80 /* FakeConfiguration.plist */,
			);
			path = Configuration;
			sourceTree = "<group>";
		};
		86C83FB027C2C5D100E9DE80 /* Generated */ = {
			isa = PBXGroup;
			children = (
				86C83FB227C2C65D00E9DE80 /* R.generated.swift */,
			);
			path = Generated;
			sourceTree = "<group>";
		};
		86C83FB427C2C6D400E9DE80 /* Data */ = {
			isa = PBXGroup;
			children = (
				86C83FD027C2D89000E9DE80 /* Endpoints */,
				86C83FB527C2C6FB00E9DE80 /* News */,
			);
			path = Data;
			sourceTree = "<group>";
		};
		86C83FB527C2C6FB00E9DE80 /* News */ = {
			isa = PBXGroup;
			children = (
				86C83FC727C2D03100E9DE80 /* JSON */,
				86C83FB627C2C70B00E9DE80 /* Repository */,
			);
			path = News;
			sourceTree = "<group>";
		};
		86C83FB627C2C70B00E9DE80 /* Repository */ = {
			isa = PBXGroup;
			children = (
				86C83FB727C2C71700E9DE80 /* NewsRemoteRepositoryTests.swift */,
			);
			path = Repository;
			sourceTree = "<group>";
		};
		86C83FB927C2C7DE00E9DE80 /* ApiClient */ = {
			isa = PBXGroup;
			children = (
				86C83FBA27C2C7E800E9DE80 /* FakeApiClient.swift */,
			);
			path = ApiClient;
			sourceTree = "<group>";
		};
		86C83FBE27C2CD4A00E9DE80 /* Model */ = {
			isa = PBXGroup;
			children = (
				86C83FC027C2CD5F00E9DE80 /* Input */,
			);
			path = Model;
			sourceTree = "<group>";
		};
		86C83FBF27C2CD5000E9DE80 /* Repository */ = {
			isa = PBXGroup;
			children = (
				86C83F9227C2BAE800E9DE80 /* FakeNewsRepository.swift */,
			);
			path = Repository;
			sourceTree = "<group>";
		};
		86C83FC027C2CD5F00E9DE80 /* Input */ = {
			isa = PBXGroup;
			children = (
				86C83FC127C2CD6F00E9DE80 /* GetNewsRequest+Zero.swift */,
			);
			path = Input;
			sourceTree = "<group>";
		};
		86C83FC327C2CDAC00E9DE80 /* Extensions */ = {
			isa = PBXGroup;
			children = (
				86C83FC427C2CDB200E9DE80 /* Foundation */,
			);
			path = Extensions;
			sourceTree = "<group>";
		};
		86C83FC427C2CDB200E9DE80 /* Foundation */ = {
			isa = PBXGroup;
			children = (
				86C83FC527C2CDCD00E9DE80 /* String+Zero.swift */,
			);
			path = Foundation;
			sourceTree = "<group>";
		};
		86C83FC727C2D03100E9DE80 /* JSON */ = {
			isa = PBXGroup;
			children = (
				86C83FCA27C2D09900E9DE80 /* MockNewsGoodResponseWith2Items.json */,
				86C83FCE27C2D50500E9DE80 /* MockedNewsErrorResponse.json */,
			);
			path = JSON;
			sourceTree = "<group>";
		};
		86C83FD027C2D89000E9DE80 /* Endpoints */ = {
			isa = PBXGroup;
			children = (
				86C83FD127C2D89E00E9DE80 /* EndpointsTests.swift */,
			);
			path = Endpoints;
			sourceTree = "<group>";
		};
		86D88F2927C2463600D09E6F /* Data */ = {
			isa = PBXGroup;
			children = (
				86D88F4927C24EFA00D09E6F /* DI */,
				86D88F9727C2644D00D09E6F /* Base */,
				86D88F8727C2628900D09E6F /* News */,
				86D88F9A27C2653F00D09E6F /* Endpoints */,
				86D88F3827C24D7900D09E6F /* ApiClient */,
			);
			path = Data;
			sourceTree = "<group>";
		};
		86D88F2A27C2463600D09E6F /* Domain */ = {
			isa = PBXGroup;
			children = (
				86D88F4C27C24F2000D09E6F /* DI */,
				86D88F7A27C260EE00D09E6F /* News */,
			);
			path = Domain;
			sourceTree = "<group>";
		};
		86D88F2B27C2463600D09E6F /* UI */ = {
			isa = PBXGroup;
			children = (
				86D88F4F27C24F2D00D09E6F /* DI */,
				86C83F8027C2B56000E9DE80 /* Components */,
				86C83F8227C2B58100E9DE80 /* Resources */,
			);
			path = UI;
			sourceTree = "<group>";
		};
		86D88F2D27C2463600D09E6F /* Home */ = {
			isa = PBXGroup;
			children = (
				86D88F6527C2541700D09E6F /* DI */,
				86D88FC327C29AAE00D09E6F /* Model */,
				86D88F5D27C251B800D09E6F /* View */,
				86D88F5E27C251BD00D09E6F /* ViewModel */,
			);
			path = Home;
			sourceTree = "<group>";
		};
		86D88F2E27C2463600D09E6F /* Application */ = {
			isa = PBXGroup;
			children = (
				86D88F4627C24EB600D09E6F /* DI */,
				86D88F3227C2463600D09E6F /* AppDelegate */,
				86D88F6927C2576000D09E6F /* Configuration */,
				86D88F3027C2463600D09E6F /* Resources */,
			);
			path = Application;
			sourceTree = "<group>";
		};
		86D88F3027C2463600D09E6F /* Resources */ = {
			isa = PBXGroup;
			children = (
				868C06F127C2303300C8B04E /* Assets.xcassets */,
				868C06F627C2303300C8B04E /* Info.plist */,
			);
			path = Resources;
			sourceTree = "<group>";
		};
		86D88F3227C2463600D09E6F /* AppDelegate */ = {
			isa = PBXGroup;
			children = (
				868C06E827C2303300C8B04E /* AppDelegate.swift */,
			);
			path = AppDelegate;
			sourceTree = "<group>";
		};
		86D88F3827C24D7900D09E6F /* ApiClient */ = {
			isa = PBXGroup;
			children = (
				86D88F4327C24E2F00D09E6F /* DI */,
				86D88F3E27C24DD000D09E6F /* ApiClient */,
				86D88F3D27C24DCC00D09E6F /* Model */,
			);
			path = ApiClient;
			sourceTree = "<group>";
		};
		86D88F3D27C24DCC00D09E6F /* Model */ = {
			isa = PBXGroup;
			children = (
				86D88F7327C259C800D09E6F /* Output */,
				86D88F7227C259C300D09E6F /* Input */,
			);
			path = Model;
			sourceTree = "<group>";
		};
		86D88F3E27C24DD000D09E6F /* ApiClient */ = {
			isa = PBXGroup;
			children = (
				86D88F3927C24D8100D09E6F /* ApiClient.swift */,
				86D88F3B27C24DA200D09E6F /* AlamofireApiClient.swift */,
			);
			path = ApiClient;
			sourceTree = "<group>";
		};
		86D88F4327C24E2F00D09E6F /* DI */ = {
			isa = PBXGroup;
			children = (
				86D88F7827C2606C00D09E6F /* ApiClient+Injection.swift */,
			);
			path = DI;
			sourceTree = "<group>";
		};
		86D88F4627C24EB600D09E6F /* DI */ = {
			isa = PBXGroup;
			children = (
				86D88F4427C24E4B00D09E6F /* AppDelegate+Injection.swift */,
				86D88F6C27C257AB00D09E6F /* Application+Injection.swift */,
				86D88F4727C24ED900D09E6F /* DependencyInjectionFunctions.swift */,
			);
			path = DI;
			sourceTree = "<group>";
		};
		86D88F4927C24EFA00D09E6F /* DI */ = {
			isa = PBXGroup;
			children = (
				86D88F4A27C24F0700D09E6F /* Data+Injection.swift */,
			);
			path = DI;
			sourceTree = "<group>";
		};
		86D88F4C27C24F2000D09E6F /* DI */ = {
			isa = PBXGroup;
			children = (
				86D88F4D27C24F2900D09E6F /* Domain+Injection.swift */,
			);
			path = DI;
			sourceTree = "<group>";
		};
		86D88F4F27C24F2D00D09E6F /* DI */ = {
			isa = PBXGroup;
			children = (
				86D88F5027C24F3700D09E6F /* UI+Injection.swift */,
			);
			path = DI;
			sourceTree = "<group>";
		};
		86D88F5227C2505100D09E6F /* Base */ = {
			isa = PBXGroup;
			children = (
				86C83F7327C2ACC400E9DE80 /* Model */,
				86D88F5627C2513200D09E6F /* ViewModel */,
				86D88F5527C2512E00D09E6F /* View */,
			);
			path = Base;
			sourceTree = "<group>";
		};
		86D88F5527C2512E00D09E6F /* View */ = {
			isa = PBXGroup;
			children = (
				86D88F5327C2505F00D09E6F /* BaseViewController.swift */,
				86C83F7C27C2B43E00E9DE80 /* BaseNavigationController.swift */,
			);
			path = View;
			sourceTree = "<group>";
		};
		86D88F5627C2513200D09E6F /* ViewModel */ = {
			isa = PBXGroup;
			children = (
				86D88F5727C2513D00D09E6F /* BaseViewModel.swift */,
				86D88F5927C2515500D09E6F /* BaseViewModelProtocol.swift */,
			);
			path = ViewModel;
			sourceTree = "<group>";
		};
		86D88F5D27C251B800D09E6F /* View */ = {
			isa = PBXGroup;
			children = (
				86D88FBC27C298CC00D09E6F /* ViewController */,
				86D88FB027C2974100D09E6F /* Cell */,
			);
			path = View;
			sourceTree = "<group>";
		};
		86D88F5E27C251BD00D09E6F /* ViewModel */ = {
			isa = PBXGroup;
			children = (
				86D88F6127C251E800D09E6F /* HomeViewModel.swift */,
				86D88F6327C251EF00D09E6F /* HomeViewModelProtocol.swift */,
			);
			path = ViewModel;
			sourceTree = "<group>";
		};
		86D88F6527C2541700D09E6F /* DI */ = {
			isa = PBXGroup;
			children = (
				86D88F6627C2542100D09E6F /* Home+Injection.swift */,
			);
			path = DI;
			sourceTree = "<group>";
		};
		86D88F6927C2576000D09E6F /* Configuration */ = {
			isa = PBXGroup;
			children = (
				86D88F3627C2480000D09E6F /* Configuration.plist */,
				86D88F6A27C2576A00D09E6F /* Configuration.swift */,
				86D88F6E27C257FB00D09E6F /* ConfigurationProtocol.swift */,
			);
			path = Configuration;
			sourceTree = "<group>";
		};
		86D88F7227C259C300D09E6F /* Input */ = {
			isa = PBXGroup;
			children = (
				86D88F4127C24E2200D09E6F /* HTTPMethod.swift */,
				86D88F3F27C24E1400D09E6F /* JSONRequest.swift */,
			);
			path = Input;
			sourceTree = "<group>";
		};
		86D88F7327C259C800D09E6F /* Output */ = {
			isa = PBXGroup;
			children = (
				86D88F7027C259B700D09E6F /* JSONResponse.swift */,
				86D88F7427C25A1400D09E6F /* ApiError.swift */,
				86D88F7627C25A2900D09E6F /* APIClientError.swift */,
			);
			path = Output;
			sourceTree = "<group>";
		};
		86D88F7A27C260EE00D09E6F /* News */ = {
			isa = PBXGroup;
			children = (
				86D88F8027C2618900D09E6F /* GetNews */,
			);
			path = News;
			sourceTree = "<group>";
		};
		86D88F7B27C2611300D09E6F /* UseCase */ = {
			isa = PBXGroup;
			children = (
				86D88F7C27C2615500D09E6F /* GetNewsUseCase.swift */,
				86D88F7E27C2615F00D09E6F /* GetNews.swift */,
			);
			path = UseCase;
			sourceTree = "<group>";
		};
		86D88F8027C2618900D09E6F /* GetNews */ = {
			isa = PBXGroup;
			children = (
				86D88F8127C2619100D09E6F /* DI */,
				86D88F8227C2619500D09E6F /* Model */,
				86D88F7B27C2611300D09E6F /* UseCase */,
			);
			path = GetNews;
			sourceTree = "<group>";
		};
		86D88F8127C2619100D09E6F /* DI */ = {
			isa = PBXGroup;
			children = (
			);
			path = DI;
			sourceTree = "<group>";
		};
		86D88F8227C2619500D09E6F /* Model */ = {
			isa = PBXGroup;
			children = (
				86D88F8627C261C400D09E6F /* Output */,
				86D88F8527C261BC00D09E6F /* Input */,
			);
			path = Model;
			sourceTree = "<group>";
		};
		86D88F8527C261BC00D09E6F /* Input */ = {
			isa = PBXGroup;
			children = (
				86D88F8327C261A900D09E6F /* GetNewsInputs.swift */,
			);
			path = Input;
			sourceTree = "<group>";
		};
		86D88F8627C261C400D09E6F /* Output */ = {
			isa = PBXGroup;
			children = (
				86C83F5C27C29DE200E9DE80 /* News.swift */,
			);
			path = Output;
			sourceTree = "<group>";
		};
		86D88F8727C2628900D09E6F /* News */ = {
			isa = PBXGroup;
			children = (
				86D88F8F27C2635C00D09E6F /* Model */,
				86D88F8E27C2634600D09E6F /* Repostiory */,
			);
			path = News;
			sourceTree = "<group>";
		};
		86D88F8E27C2634600D09E6F /* Repostiory */ = {
			isa = PBXGroup;
			children = (
				86D88F8927C262D300D09E6F /* NewsRepository.swift */,
				86D88F8B27C262E100D09E6F /* NewsRemoteRepostiory.swift */,
			);
			path = Repostiory;
			sourceTree = "<group>";
		};
		86D88F8F27C2635C00D09E6F /* Model */ = {
			isa = PBXGroup;
			children = (
				86D88F9327C2638700D09E6F /* Output */,
				86D88F9027C2636A00D09E6F /* Input */,
			);
			path = Model;
			sourceTree = "<group>";
		};
		86D88F9027C2636A00D09E6F /* Input */ = {
			isa = PBXGroup;
			children = (
				86D88F9127C2637400D09E6F /* GetNewsRequest.swift */,
			);
			path = Input;
			sourceTree = "<group>";
		};
		86D88F9327C2638700D09E6F /* Output */ = {
			isa = PBXGroup;
			children = (
				86D88FA827C26C7100D09E6F /* GetNewsResponse.swift */,
				86D88FAA27C26CB900D09E6F /* NewsDataModel.swift */,
				86D88FAC27C26CD700D09E6F /* NewsSourceDataModel.swift */,
			);
			path = Output;
			sourceTree = "<group>";
		};
		86D88F9727C2644D00D09E6F /* Base */ = {
			isa = PBXGroup;
			children = (
				86C83F5E27C2A00600E9DE80 /* Model */,
				86D88FA327C2690000D09E6F /* Repository */,
			);
			path = Base;
			sourceTree = "<group>";
		};
		86D88F9A27C2653F00D09E6F /* Endpoints */ = {
			isa = PBXGroup;
			children = (
				86D88FA027C268C100D09E6F /* Model */,
				86D88F9C27C2657400D09E6F /* Endpoints.swift */,
				86D88F9E27C2660800D09E6F /* EndpointsProtocol.swift */,
			);
			path = Endpoints;
			sourceTree = "<group>";
		};
		86D88FA027C268C100D09E6F /* Model */ = {
			isa = PBXGroup;
			children = (
				86D88FA127C268CB00D09E6F /* NewsApiURLs.swift */,
			);
			path = Model;
			sourceTree = "<group>";
		};
		86D88FA327C2690000D09E6F /* Repository */ = {
			isa = PBXGroup;
			children = (
				86D88F9827C2645700D09E6F /* BaseRemoteRepository.swift */,
			);
			path = Repository;
			sourceTree = "<group>";
		};
		86D88FA427C26AA900D09E6F /* Launch */ = {
			isa = PBXGroup;
			children = (
				868C06F327C2303300C8B04E /* LaunchScreen.storyboard */,
			);
			path = Launch;
			sourceTree = "<group>";
		};
		86D88FA527C26BD000D09E6F /* Extensions */ = {
			isa = PBXGroup;
			children = (
				86C83F8927C2B6CA00E9DE80 /* RSwift */,
				86D88FBE27C2995C00D09E6F /* UIKit */,
				86D88FBD27C2995600D09E6F /* Foundation */,
			);
			path = Extensions;
			sourceTree = "<group>";
		};
		86D88FB027C2974100D09E6F /* Cell */ = {
			isa = PBXGroup;
			children = (
				86D88FB527C2977C00D09E6F /* News */,
			);
			path = Cell;
			sourceTree = "<group>";
		};
		86D88FB527C2977C00D09E6F /* News */ = {
			isa = PBXGroup;
			children = (
				86D88FB727C2978800D09E6F /* ViewModel */,
				86D88FB627C2978400D09E6F /* View */,
			);
			path = News;
			sourceTree = "<group>";
		};
		86D88FB627C2978400D09E6F /* View */ = {
			isa = PBXGroup;
			children = (
				86D88FB127C2975300D09E6F /* NewsCell.swift */,
				86D88FB227C2975300D09E6F /* NewsCell.xib */,
			);
			path = View;
			sourceTree = "<group>";
		};
		86D88FB727C2978800D09E6F /* ViewModel */ = {
			isa = PBXGroup;
			children = (
				86D88FB827C2979C00D09E6F /* NewsCellViewModel.swift */,
				86D88FBA27C298A900D09E6F /* NewsCellViewModelProtocol.swift */,
			);
			path = ViewModel;
			sourceTree = "<group>";
		};
		86D88FBC27C298CC00D09E6F /* ViewController */ = {
			isa = PBXGroup;
			children = (
				86D88F5F27C251CA00D09E6F /* Home.storyboard */,
				86D88F5B27C251AA00D09E6F /* HomeViewController.swift */,
				86C83F7E27C2B46200E9DE80 /* HomeNavigationController.swift */,
			);
			path = ViewController;
			sourceTree = "<group>";
		};
		86D88FBD27C2995600D09E6F /* Foundation */ = {
			isa = PBXGroup;
			children = (
				86D88FA627C26BE500D09E6F /* Encodable+Extensions.swift */,
				86C83F6C27C2A3D800E9DE80 /* String+Extensions.swift */,
				86C83F7627C2ADF800E9DE80 /* URL+ImageResource.swift */,
				86C83F7A27C2B1B800E9DE80 /* Dictionary+Extensions.swift */,
			);
			path = Foundation;
			sourceTree = "<group>";
		};
		86D88FBE27C2995C00D09E6F /* UIKit */ = {
			isa = PBXGroup;
			children = (
				86D88FBF27C2997200D09E6F /* UITableView+Extensions.swift */,
				86C83F7127C2AC8E00E9DE80 /* UIImageView+ImageResource.swift */,
			);
			path = UIKit;
			sourceTree = "<group>";
		};
		86D88FC327C29AAE00D09E6F /* Model */ = {
			isa = PBXGroup;
			children = (
				86D88FC127C29AAA00D09E6F /* HomeTableItem.swift */,
				86C83F7827C2AED300E9DE80 /* HomeTableSection.swift */,
			);
			path = Model;
			sourceTree = "<group>";
		};
/* End PBXGroup section */

/* Begin PBXNativeTarget section */
		868C06E427C2303300C8B04E /* MVVMUnitTesting */ = {
			isa = PBXNativeTarget;
			buildConfigurationList = 868C070F27C2303400C8B04E /* Build configuration list for PBXNativeTarget "MVVMUnitTesting" */;
			buildPhases = (
				F5E32334E9EB316BDADA5DAD /* [CP] Check Pods Manifest.lock */,
				86B9059627C24113003FB18C /* R.swift */,
				868C06E127C2303300C8B04E /* Sources */,
				868C06E227C2303300C8B04E /* Frameworks */,
				868C06E327C2303300C8B04E /* Resources */,
				AEB4F1C492F75F4E2DDE9F45 /* [CP] Embed Pods Frameworks */,
			);
			buildRules = (
			);
			dependencies = (
			);
			name = MVVMUnitTesting;
			productName = MVVMUnitTesting;
			productReference = 868C06E527C2303300C8B04E /* MVVMUnitTesting.app */;
			productType = "com.apple.product-type.application";
		};
		868C06FA27C2303400C8B04E /* MVVMUnitTestingTests */ = {
			isa = PBXNativeTarget;
			buildConfigurationList = 868C071227C2303400C8B04E /* Build configuration list for PBXNativeTarget "MVVMUnitTestingTests" */;
			buildPhases = (
				67B07ABDE1FFAA9D5A562784 /* [CP] Check Pods Manifest.lock */,
				86C83FB127C2C60100E9DE80 /* R.swift */,
				868C06F727C2303400C8B04E /* Sources */,
				868C06F827C2303400C8B04E /* Frameworks */,
				868C06F927C2303400C8B04E /* Resources */,
				9DF25D5A83215B63AFDD91CB /* [CP] Embed Pods Frameworks */,
			);
			buildRules = (
			);
			dependencies = (
				868C06FD27C2303400C8B04E /* PBXTargetDependency */,
			);
			name = MVVMUnitTestingTests;
			productName = MVVMUnitTestingTests;
			productReference = 868C06FB27C2303400C8B04E /* MVVMUnitTestingTests.xctest */;
			productType = "com.apple.product-type.bundle.unit-test";
		};
		868C070427C2303400C8B04E /* MVVMUnitTestingUITests */ = {
			isa = PBXNativeTarget;
			buildConfigurationList = 868C071527C2303400C8B04E /* Build configuration list for PBXNativeTarget "MVVMUnitTestingUITests" */;
			buildPhases = (
				C6506C76585109773AAFBD17 /* [CP] Check Pods Manifest.lock */,
				868C070127C2303400C8B04E /* Sources */,
				868C070227C2303400C8B04E /* Frameworks */,
				868C070327C2303400C8B04E /* Resources */,
				4D33FAF206E0C6E0D807CA71 /* [CP] Embed Pods Frameworks */,
			);
			buildRules = (
			);
			dependencies = (
				868C070727C2303400C8B04E /* PBXTargetDependency */,
			);
			name = MVVMUnitTestingUITests;
			productName = MVVMUnitTestingUITests;
			productReference = 868C070527C2303400C8B04E /* MVVMUnitTestingUITests.xctest */;
			productType = "com.apple.product-type.bundle.ui-testing";
		};
/* End PBXNativeTarget section */

/* Begin PBXProject section */
		868C06DD27C2303300C8B04E /* Project object */ = {
			isa = PBXProject;
			attributes = {
				BuildIndependentTargetsInParallel = 1;
				LastSwiftUpdateCheck = 1320;
				LastUpgradeCheck = 1320;
				TargetAttributes = {
					868C06E427C2303300C8B04E = {
						CreatedOnToolsVersion = 13.2.1;
					};
					868C06FA27C2303400C8B04E = {
						CreatedOnToolsVersion = 13.2.1;
						TestTargetID = 868C06E427C2303300C8B04E;
					};
					868C070427C2303400C8B04E = {
						CreatedOnToolsVersion = 13.2.1;
						TestTargetID = 868C06E427C2303300C8B04E;
					};
				};
			};
			buildConfigurationList = 868C06E027C2303300C8B04E /* Build configuration list for PBXProject "MVVMUnitTesting" */;
			compatibilityVersion = "Xcode 13.0";
			developmentRegion = en;
			hasScannedForEncodings = 0;
			knownRegions = (
				en,
				Base,
				tr,
			);
			mainGroup = 868C06DC27C2303300C8B04E;
			productRefGroup = 868C06E627C2303300C8B04E /* Products */;
			projectDirPath = "";
			projectRoot = "";
			targets = (
				868C06E427C2303300C8B04E /* MVVMUnitTesting */,
				868C06FA27C2303400C8B04E /* MVVMUnitTestingTests */,
				868C070427C2303400C8B04E /* MVVMUnitTestingUITests */,
			);
		};
/* End PBXProject section */

/* Begin PBXResourcesBuildPhase section */
		868C06E327C2303300C8B04E /* Resources */ = {
			isa = PBXResourcesBuildPhase;
			buildActionMask = 2147483647;
			files = (
				868C06F527C2303300C8B04E /* LaunchScreen.storyboard in Resources */,
				86C83F8527C2B5DE00E9DE80 /* Localizable.strings in Resources */,
				86D88F3727C2480000D09E6F /* Configuration.plist in Resources */,
				86D88FB427C2975300D09E6F /* NewsCell.xib in Resources */,
				868C06F227C2303300C8B04E /* Assets.xcassets in Resources */,
				86D88F6027C251CA00D09E6F /* Home.storyboard in Resources */,
			);
			runOnlyForDeploymentPostprocessing = 0;
		};
		868C06F927C2303400C8B04E /* Resources */ = {
			isa = PBXResourcesBuildPhase;
			buildActionMask = 2147483647;
			files = (
				86C83FAF27C2C37900E9DE80 /* FakeConfiguration.plist in Resources */,
				86C83FCF27C2D50500E9DE80 /* MockedNewsErrorResponse.json in Resources */,
				86C83FCB27C2D09900E9DE80 /* MockNewsGoodResponseWith2Items.json in Resources */,
			);
			runOnlyForDeploymentPostprocessing = 0;
		};
		868C070327C2303400C8B04E /* Resources */ = {
			isa = PBXResourcesBuildPhase;
			buildActionMask = 2147483647;
			files = (
			);
			runOnlyForDeploymentPostprocessing = 0;
		};
/* End PBXResourcesBuildPhase section */

/* Begin PBXShellScriptBuildPhase section */
		4D33FAF206E0C6E0D807CA71 /* [CP] Embed Pods Frameworks */ = {
			isa = PBXShellScriptBuildPhase;
			buildActionMask = 2147483647;
			files = (
			);
			inputFileListPaths = (
				"${PODS_ROOT}/Target Support Files/Pods-MVVMUnitTesting-MVVMUnitTestingUITests/Pods-MVVMUnitTesting-MVVMUnitTestingUITests-frameworks-${CONFIGURATION}-input-files.xcfilelist",
			);
			name = "[CP] Embed Pods Frameworks";
			outputFileListPaths = (
				"${PODS_ROOT}/Target Support Files/Pods-MVVMUnitTesting-MVVMUnitTestingUITests/Pods-MVVMUnitTesting-MVVMUnitTestingUITests-frameworks-${CONFIGURATION}-output-files.xcfilelist",
			);
			runOnlyForDeploymentPostprocessing = 0;
			shellPath = /bin/sh;
			shellScript = "\"${PODS_ROOT}/Target Support Files/Pods-MVVMUnitTesting-MVVMUnitTestingUITests/Pods-MVVMUnitTesting-MVVMUnitTestingUITests-frameworks.sh\"\n";
			showEnvVarsInLog = 0;
		};
		67B07ABDE1FFAA9D5A562784 /* [CP] Check Pods Manifest.lock */ = {
			isa = PBXShellScriptBuildPhase;
			buildActionMask = 2147483647;
			files = (
			);
			inputFileListPaths = (
			);
			inputPaths = (
				"${PODS_PODFILE_DIR_PATH}/Podfile.lock",
				"${PODS_ROOT}/Manifest.lock",
			);
			name = "[CP] Check Pods Manifest.lock";
			outputFileListPaths = (
			);
			outputPaths = (
				"$(DERIVED_FILE_DIR)/Pods-MVVMUnitTestingTests-checkManifestLockResult.txt",
			);
			runOnlyForDeploymentPostprocessing = 0;
			shellPath = /bin/sh;
			shellScript = "diff \"${PODS_PODFILE_DIR_PATH}/Podfile.lock\" \"${PODS_ROOT}/Manifest.lock\" > /dev/null\nif [ $? != 0 ] ; then\n    # print error to STDERR\n    echo \"error: The sandbox is not in sync with the Podfile.lock. Run 'pod install' or update your CocoaPods installation.\" >&2\n    exit 1\nfi\n# This output is used by Xcode 'outputs' to avoid re-running this script phase.\necho \"SUCCESS\" > \"${SCRIPT_OUTPUT_FILE_0}\"\n";
			showEnvVarsInLog = 0;
		};
		86B9059627C24113003FB18C /* R.swift */ = {
			isa = PBXShellScriptBuildPhase;
			alwaysOutOfDate = 1;
			buildActionMask = 2147483647;
			files = (
			);
			inputFileListPaths = (
			);
			inputPaths = (
			);
			name = R.swift;
			outputFileListPaths = (
			);
			outputPaths = (
				$SRCROOT/Generated/R.generated.swift,
			);
			runOnlyForDeploymentPostprocessing = 0;
			shellPath = /bin/sh;
			shellScript = "\"$PODS_ROOT/R.swift/rswift\" generate \"$SRCROOT/Generated/R.generated.swift\"\n";
		};
		86C83FB127C2C60100E9DE80 /* R.swift */ = {
			isa = PBXShellScriptBuildPhase;
			alwaysOutOfDate = 1;
			buildActionMask = 2147483647;
			files = (
			);
			inputFileListPaths = (
			);
			inputPaths = (
			);
			name = R.swift;
			outputFileListPaths = (
			);
			outputPaths = (
				$SRCROOT/MVVMUnitTestingTests/Generated/R.generated.swift,
			);
			runOnlyForDeploymentPostprocessing = 0;
			shellPath = /bin/sh;
			shellScript = "\"$PODS_ROOT/R.swift/rswift\" generate \"$SRCROOT/MVVMUnitTestingTests/Generated/R.generated.swift\"\n";
		};
		9DF25D5A83215B63AFDD91CB /* [CP] Embed Pods Frameworks */ = {
			isa = PBXShellScriptBuildPhase;
			buildActionMask = 2147483647;
			files = (
			);
			inputFileListPaths = (
				"${PODS_ROOT}/Target Support Files/Pods-MVVMUnitTestingTests/Pods-MVVMUnitTestingTests-frameworks-${CONFIGURATION}-input-files.xcfilelist",
			);
			name = "[CP] Embed Pods Frameworks";
			outputFileListPaths = (
				"${PODS_ROOT}/Target Support Files/Pods-MVVMUnitTestingTests/Pods-MVVMUnitTestingTests-frameworks-${CONFIGURATION}-output-files.xcfilelist",
			);
			runOnlyForDeploymentPostprocessing = 0;
			shellPath = /bin/sh;
			shellScript = "\"${PODS_ROOT}/Target Support Files/Pods-MVVMUnitTestingTests/Pods-MVVMUnitTestingTests-frameworks.sh\"\n";
			showEnvVarsInLog = 0;
		};
		AEB4F1C492F75F4E2DDE9F45 /* [CP] Embed Pods Frameworks */ = {
			isa = PBXShellScriptBuildPhase;
			buildActionMask = 2147483647;
			files = (
			);
			inputFileListPaths = (
				"${PODS_ROOT}/Target Support Files/Pods-MVVMUnitTesting/Pods-MVVMUnitTesting-frameworks-${CONFIGURATION}-input-files.xcfilelist",
			);
			name = "[CP] Embed Pods Frameworks";
			outputFileListPaths = (
				"${PODS_ROOT}/Target Support Files/Pods-MVVMUnitTesting/Pods-MVVMUnitTesting-frameworks-${CONFIGURATION}-output-files.xcfilelist",
			);
			runOnlyForDeploymentPostprocessing = 0;
			shellPath = /bin/sh;
			shellScript = "\"${PODS_ROOT}/Target Support Files/Pods-MVVMUnitTesting/Pods-MVVMUnitTesting-frameworks.sh\"\n";
			showEnvVarsInLog = 0;
		};
		C6506C76585109773AAFBD17 /* [CP] Check Pods Manifest.lock */ = {
			isa = PBXShellScriptBuildPhase;
			buildActionMask = 2147483647;
			files = (
			);
			inputFileListPaths = (
			);
			inputPaths = (
				"${PODS_PODFILE_DIR_PATH}/Podfile.lock",
				"${PODS_ROOT}/Manifest.lock",
			);
			name = "[CP] Check Pods Manifest.lock";
			outputFileListPaths = (
			);
			outputPaths = (
				"$(DERIVED_FILE_DIR)/Pods-MVVMUnitTesting-MVVMUnitTestingUITests-checkManifestLockResult.txt",
			);
			runOnlyForDeploymentPostprocessing = 0;
			shellPath = /bin/sh;
			shellScript = "diff \"${PODS_PODFILE_DIR_PATH}/Podfile.lock\" \"${PODS_ROOT}/Manifest.lock\" > /dev/null\nif [ $? != 0 ] ; then\n    # print error to STDERR\n    echo \"error: The sandbox is not in sync with the Podfile.lock. Run 'pod install' or update your CocoaPods installation.\" >&2\n    exit 1\nfi\n# This output is used by Xcode 'outputs' to avoid re-running this script phase.\necho \"SUCCESS\" > \"${SCRIPT_OUTPUT_FILE_0}\"\n";
			showEnvVarsInLog = 0;
		};
		F5E32334E9EB316BDADA5DAD /* [CP] Check Pods Manifest.lock */ = {
			isa = PBXShellScriptBuildPhase;
			buildActionMask = 2147483647;
			files = (
			);
			inputFileListPaths = (
			);
			inputPaths = (
				"${PODS_PODFILE_DIR_PATH}/Podfile.lock",
				"${PODS_ROOT}/Manifest.lock",
			);
			name = "[CP] Check Pods Manifest.lock";
			outputFileListPaths = (
			);
			outputPaths = (
				"$(DERIVED_FILE_DIR)/Pods-MVVMUnitTesting-checkManifestLockResult.txt",
			);
			runOnlyForDeploymentPostprocessing = 0;
			shellPath = /bin/sh;
			shellScript = "diff \"${PODS_PODFILE_DIR_PATH}/Podfile.lock\" \"${PODS_ROOT}/Manifest.lock\" > /dev/null\nif [ $? != 0 ] ; then\n    # print error to STDERR\n    echo \"error: The sandbox is not in sync with the Podfile.lock. Run 'pod install' or update your CocoaPods installation.\" >&2\n    exit 1\nfi\n# This output is used by Xcode 'outputs' to avoid re-running this script phase.\necho \"SUCCESS\" > \"${SCRIPT_OUTPUT_FILE_0}\"\n";
			showEnvVarsInLog = 0;
		};
/* End PBXShellScriptBuildPhase section */

/* Begin PBXSourcesBuildPhase section */
		868C06E127C2303300C8B04E /* Sources */ = {
			isa = PBXSourcesBuildPhase;
			buildActionMask = 2147483647;
			files = (
				86D88F9F27C2660800D09E6F /* EndpointsProtocol.swift in Sources */,
				86D88F5A27C2515500D09E6F /* BaseViewModelProtocol.swift in Sources */,
				86C83F7927C2AED300E9DE80 /* HomeTableSection.swift in Sources */,
				86D88FB927C2979C00D09E6F /* NewsCellViewModel.swift in Sources */,
				86C83F5D27C29DE200E9DE80 /* News.swift in Sources */,
				86D88F8C27C262E100D09E6F /* NewsRemoteRepostiory.swift in Sources */,
				86D88F9D27C2657400D09E6F /* Endpoints.swift in Sources */,
				86D88F5427C2505F00D09E6F /* BaseViewController.swift in Sources */,
				86D88F4827C24ED900D09E6F /* DependencyInjectionFunctions.swift in Sources */,
				86D88F6F27C257FB00D09E6F /* ConfigurationProtocol.swift in Sources */,
				86D88F6B27C2576A00D09E6F /* Configuration.swift in Sources */,
				86D88F7527C25A1400D09E6F /* ApiError.swift in Sources */,
				86D88F6227C251E800D09E6F /* HomeViewModel.swift in Sources */,
				86D88F7F27C2615F00D09E6F /* GetNews.swift in Sources */,
				86D88F9927C2645700D09E6F /* BaseRemoteRepository.swift in Sources */,
				86D88F9227C2637400D09E6F /* GetNewsRequest.swift in Sources */,
				86D88FA727C26BE500D09E6F /* Encodable+Extensions.swift in Sources */,
				86D88FB327C2975300D09E6F /* NewsCell.swift in Sources */,
				86C83F7D27C2B43E00E9DE80 /* BaseNavigationController.swift in Sources */,
				86D88FA927C26C7100D09E6F /* GetNewsResponse.swift in Sources */,
				86D88F4B27C24F0700D09E6F /* Data+Injection.swift in Sources */,
				86C83F7727C2ADF800E9DE80 /* URL+ImageResource.swift in Sources */,
				86D88F5827C2513D00D09E6F /* BaseViewModel.swift in Sources */,
				86C83F6127C2A02600E9DE80 /* Response.swift in Sources */,
				86D88F5C27C251AA00D09E6F /* HomeViewController.swift in Sources */,
				86C83F8B27C2B6D300E9DE80 /* RSwift+Extensions.swift in Sources */,
				86D88F7727C25A2900D09E6F /* APIClientError.swift in Sources */,
				86D88FA227C268CB00D09E6F /* NewsApiURLs.swift in Sources */,
				86D88F6D27C257AB00D09E6F /* Application+Injection.swift in Sources */,
				86C83F7527C2ACD600E9DE80 /* ImageResource.swift in Sources */,
				86C83F6B27C2A27200E9DE80 /* Response+Result.swift in Sources */,
				86D88F6427C251EF00D09E6F /* HomeViewModelProtocol.swift in Sources */,
				86D88F4E27C24F2900D09E6F /* Domain+Injection.swift in Sources */,
				86D88F8427C261A900D09E6F /* GetNewsInputs.swift in Sources */,
				86D88F4527C24E4B00D09E6F /* AppDelegate+Injection.swift in Sources */,
				86D88F5127C24F3700D09E6F /* UI+Injection.swift in Sources */,
				868C06E927C2303300C8B04E /* AppDelegate.swift in Sources */,
				86D88F4227C24E2200D09E6F /* HTTPMethod.swift in Sources */,
				86D88FAD27C26CD700D09E6F /* NewsSourceDataModel.swift in Sources */,
				86C83F7F27C2B46200E9DE80 /* HomeNavigationController.swift in Sources */,
				86D88FBB27C298A900D09E6F /* NewsCellViewModelProtocol.swift in Sources */,
				86D88F3C27C24DA200D09E6F /* AlamofireApiClient.swift in Sources */,
				86C83F6D27C2A3D800E9DE80 /* String+Extensions.swift in Sources */,
				86D88F7D27C2615500D09E6F /* GetNewsUseCase.swift in Sources */,
				86D88FC227C29AAA00D09E6F /* HomeTableItem.swift in Sources */,
				86B9059927C241B3003FB18C /* R.generated.swift in Sources */,
				86C83F6927C2A25A00E9DE80 /* ResponseError.swift in Sources */,
				86D88FC027C2997200D09E6F /* UITableView+Extensions.swift in Sources */,
				86D88F7927C2606C00D09E6F /* ApiClient+Injection.swift in Sources */,
				86D88F7127C259B700D09E6F /* JSONResponse.swift in Sources */,
				86C83F7B27C2B1B800E9DE80 /* Dictionary+Extensions.swift in Sources */,
				86D88FAB27C26CB900D09E6F /* NewsDataModel.swift in Sources */,
				86D88F3A27C24D8100D09E6F /* ApiClient.swift in Sources */,
				86C83F7227C2AC8E00E9DE80 /* UIImageView+ImageResource.swift in Sources */,
				86D88F8A27C262D300D09E6F /* NewsRepository.swift in Sources */,
				86D88F6727C2542100D09E6F /* Home+Injection.swift in Sources */,
				86D88F4027C24E1400D09E6F /* JSONRequest.swift in Sources */,
			);
			runOnlyForDeploymentPostprocessing = 0;
		};
		868C06F727C2303400C8B04E /* Sources */ = {
			isa = PBXSourcesBuildPhase;
			buildActionMask = 2147483647;
			files = (
				86C83FBB27C2C7E800E9DE80 /* FakeApiClient.swift in Sources */,
				86C83FC627C2CDCD00E9DE80 /* String+Zero.swift in Sources */,
				86C83F8F27C2BA7700E9DE80 /* FakeConfiguration.swift in Sources */,
				86C83F9627C2BB6D00E9DE80 /* FakeEndpoints.swift in Sources */,
				86C83FBD27C2CB4D00E9DE80 /* FakeResolver.swift in Sources */,
				86C83FB327C2C65D00E9DE80 /* R.generated.swift in Sources */,
				86C83F9F27C2BD3700E9DE80 /* FakeGetNewsUseCase.swift in Sources */,
				86C83FA527C2BDC300E9DE80 /* FakeHomeViewModel.swift in Sources */,
				86C83FB827C2C71700E9DE80 /* NewsRemoteRepositoryTests.swift in Sources */,
				86C83FA827C2BE1700E9DE80 /* FakeBaseViewModel.swift in Sources */,
				86C83FD227C2D89E00E9DE80 /* EndpointsTests.swift in Sources */,
				86C83FC227C2CD6F00E9DE80 /* GetNewsRequest+Zero.swift in Sources */,
				86C83FAD27C2C36800E9DE80 /* ConfigurationTests.swift in Sources */,
				86C83F9327C2BAE800E9DE80 /* FakeNewsRepository.swift in Sources */,
			);
			runOnlyForDeploymentPostprocessing = 0;
		};
		868C070127C2303400C8B04E /* Sources */ = {
			isa = PBXSourcesBuildPhase;
			buildActionMask = 2147483647;
			files = (
			);
			runOnlyForDeploymentPostprocessing = 0;
		};
/* End PBXSourcesBuildPhase section */

/* Begin PBXTargetDependency section */
		868C06FD27C2303400C8B04E /* PBXTargetDependency */ = {
			isa = PBXTargetDependency;
			target = 868C06E427C2303300C8B04E /* MVVMUnitTesting */;
			targetProxy = 868C06FC27C2303400C8B04E /* PBXContainerItemProxy */;
		};
		868C070727C2303400C8B04E /* PBXTargetDependency */ = {
			isa = PBXTargetDependency;
			target = 868C06E427C2303300C8B04E /* MVVMUnitTesting */;
			targetProxy = 868C070627C2303400C8B04E /* PBXContainerItemProxy */;
		};
/* End PBXTargetDependency section */

/* Begin PBXVariantGroup section */
		868C06F327C2303300C8B04E /* LaunchScreen.storyboard */ = {
			isa = PBXVariantGroup;
			children = (
				868C06F427C2303300C8B04E /* Base */,
			);
			name = LaunchScreen.storyboard;
			sourceTree = "<group>";
		};
		86C83F8727C2B5DE00E9DE80 /* Localizable.strings */ = {
			isa = PBXVariantGroup;
			children = (
				86C83F8627C2B5DE00E9DE80 /* en */,
				86C83F8827C2B6A600E9DE80 /* tr */,
			);
			name = Localizable.strings;
			sourceTree = "<group>";
		};
/* End PBXVariantGroup section */

/* Begin XCBuildConfiguration section */
		868C070D27C2303400C8B04E /* Debug */ = {
			isa = XCBuildConfiguration;
			buildSettings = {
				ALWAYS_SEARCH_USER_PATHS = NO;
				CLANG_ANALYZER_LOCALIZABILITY_NONLOCALIZED = YES;
				CLANG_ANALYZER_NONNULL = YES;
				CLANG_ANALYZER_NUMBER_OBJECT_CONVERSION = YES_AGGRESSIVE;
				CLANG_CXX_LANGUAGE_STANDARD = "gnu++17";
				CLANG_CXX_LIBRARY = "libc++";
				CLANG_ENABLE_MODULES = YES;
				CLANG_ENABLE_OBJC_ARC = YES;
				CLANG_ENABLE_OBJC_WEAK = YES;
				CLANG_WARN_BLOCK_CAPTURE_AUTORELEASING = YES;
				CLANG_WARN_BOOL_CONVERSION = YES;
				CLANG_WARN_COMMA = YES;
				CLANG_WARN_CONSTANT_CONVERSION = YES;
				CLANG_WARN_DEPRECATED_OBJC_IMPLEMENTATIONS = YES;
				CLANG_WARN_DIRECT_OBJC_ISA_USAGE = YES_ERROR;
				CLANG_WARN_DOCUMENTATION_COMMENTS = YES;
				CLANG_WARN_EMPTY_BODY = YES;
				CLANG_WARN_ENUM_CONVERSION = YES;
				CLANG_WARN_INFINITE_RECURSION = YES;
				CLANG_WARN_INT_CONVERSION = YES;
				CLANG_WARN_NON_LITERAL_NULL_CONVERSION = YES;
				CLANG_WARN_OBJC_IMPLICIT_RETAIN_SELF = YES;
				CLANG_WARN_OBJC_LITERAL_CONVERSION = YES;
				CLANG_WARN_OBJC_ROOT_CLASS = YES_ERROR;
				CLANG_WARN_QUOTED_INCLUDE_IN_FRAMEWORK_HEADER = YES;
				CLANG_WARN_RANGE_LOOP_ANALYSIS = YES;
				CLANG_WARN_STRICT_PROTOTYPES = YES;
				CLANG_WARN_SUSPICIOUS_MOVE = YES;
				CLANG_WARN_UNGUARDED_AVAILABILITY = YES_AGGRESSIVE;
				CLANG_WARN_UNREACHABLE_CODE = YES;
				CLANG_WARN__DUPLICATE_METHOD_MATCH = YES;
				COPY_PHASE_STRIP = NO;
				DEBUG_INFORMATION_FORMAT = dwarf;
				ENABLE_STRICT_OBJC_MSGSEND = YES;
				ENABLE_TESTABILITY = YES;
				GCC_C_LANGUAGE_STANDARD = gnu11;
				GCC_DYNAMIC_NO_PIC = NO;
				GCC_NO_COMMON_BLOCKS = YES;
				GCC_OPTIMIZATION_LEVEL = 0;
				GCC_PREPROCESSOR_DEFINITIONS = (
					"DEBUG=1",
					"$(inherited)",
				);
				GCC_WARN_64_TO_32_BIT_CONVERSION = YES;
				GCC_WARN_ABOUT_RETURN_TYPE = YES_ERROR;
				GCC_WARN_UNDECLARED_SELECTOR = YES;
				GCC_WARN_UNINITIALIZED_AUTOS = YES_AGGRESSIVE;
				GCC_WARN_UNUSED_FUNCTION = YES;
				GCC_WARN_UNUSED_VARIABLE = YES;
				IPHONEOS_DEPLOYMENT_TARGET = 15.2;
				MTL_ENABLE_DEBUG_INFO = INCLUDE_SOURCE;
				MTL_FAST_MATH = YES;
				ONLY_ACTIVE_ARCH = YES;
				SDKROOT = iphoneos;
				SWIFT_ACTIVE_COMPILATION_CONDITIONS = DEBUG;
				SWIFT_OPTIMIZATION_LEVEL = "-Onone";
			};
			name = Debug;
		};
		868C070E27C2303400C8B04E /* Release */ = {
			isa = XCBuildConfiguration;
			buildSettings = {
				ALWAYS_SEARCH_USER_PATHS = NO;
				CLANG_ANALYZER_LOCALIZABILITY_NONLOCALIZED = YES;
				CLANG_ANALYZER_NONNULL = YES;
				CLANG_ANALYZER_NUMBER_OBJECT_CONVERSION = YES_AGGRESSIVE;
				CLANG_CXX_LANGUAGE_STANDARD = "gnu++17";
				CLANG_CXX_LIBRARY = "libc++";
				CLANG_ENABLE_MODULES = YES;
				CLANG_ENABLE_OBJC_ARC = YES;
				CLANG_ENABLE_OBJC_WEAK = YES;
				CLANG_WARN_BLOCK_CAPTURE_AUTORELEASING = YES;
				CLANG_WARN_BOOL_CONVERSION = YES;
				CLANG_WARN_COMMA = YES;
				CLANG_WARN_CONSTANT_CONVERSION = YES;
				CLANG_WARN_DEPRECATED_OBJC_IMPLEMENTATIONS = YES;
				CLANG_WARN_DIRECT_OBJC_ISA_USAGE = YES_ERROR;
				CLANG_WARN_DOCUMENTATION_COMMENTS = YES;
				CLANG_WARN_EMPTY_BODY = YES;
				CLANG_WARN_ENUM_CONVERSION = YES;
				CLANG_WARN_INFINITE_RECURSION = YES;
				CLANG_WARN_INT_CONVERSION = YES;
				CLANG_WARN_NON_LITERAL_NULL_CONVERSION = YES;
				CLANG_WARN_OBJC_IMPLICIT_RETAIN_SELF = YES;
				CLANG_WARN_OBJC_LITERAL_CONVERSION = YES;
				CLANG_WARN_OBJC_ROOT_CLASS = YES_ERROR;
				CLANG_WARN_QUOTED_INCLUDE_IN_FRAMEWORK_HEADER = YES;
				CLANG_WARN_RANGE_LOOP_ANALYSIS = YES;
				CLANG_WARN_STRICT_PROTOTYPES = YES;
				CLANG_WARN_SUSPICIOUS_MOVE = YES;
				CLANG_WARN_UNGUARDED_AVAILABILITY = YES_AGGRESSIVE;
				CLANG_WARN_UNREACHABLE_CODE = YES;
				CLANG_WARN__DUPLICATE_METHOD_MATCH = YES;
				COPY_PHASE_STRIP = NO;
				DEBUG_INFORMATION_FORMAT = "dwarf-with-dsym";
				ENABLE_NS_ASSERTIONS = NO;
				ENABLE_STRICT_OBJC_MSGSEND = YES;
				GCC_C_LANGUAGE_STANDARD = gnu11;
				GCC_NO_COMMON_BLOCKS = YES;
				GCC_WARN_64_TO_32_BIT_CONVERSION = YES;
				GCC_WARN_ABOUT_RETURN_TYPE = YES_ERROR;
				GCC_WARN_UNDECLARED_SELECTOR = YES;
				GCC_WARN_UNINITIALIZED_AUTOS = YES_AGGRESSIVE;
				GCC_WARN_UNUSED_FUNCTION = YES;
				GCC_WARN_UNUSED_VARIABLE = YES;
				IPHONEOS_DEPLOYMENT_TARGET = 15.2;
				MTL_ENABLE_DEBUG_INFO = NO;
				MTL_FAST_MATH = YES;
				SDKROOT = iphoneos;
				SWIFT_COMPILATION_MODE = wholemodule;
				SWIFT_OPTIMIZATION_LEVEL = "-O";
				VALIDATE_PRODUCT = YES;
			};
			name = Release;
		};
		868C071027C2303400C8B04E /* Debug */ = {
			isa = XCBuildConfiguration;
			baseConfigurationReference = FFA53EB5BFDC313963AE19AB /* Pods-MVVMUnitTesting.debug.xcconfig */;
			buildSettings = {
				ASSETCATALOG_COMPILER_APPICON_NAME = AppIcon;
				ASSETCATALOG_COMPILER_GLOBAL_ACCENT_COLOR_NAME = AccentColor;
				CODE_SIGN_STYLE = Automatic;
				CURRENT_PROJECT_VERSION = 1;
				DEVELOPMENT_TEAM = 5J986FU6SD;
				GENERATE_INFOPLIST_FILE = YES;
				INFOPLIST_FILE = MVVMUnitTesting/Application/Resources/Info.plist;
				INFOPLIST_KEY_UIApplicationSupportsIndirectInputEvents = YES;
				INFOPLIST_KEY_UILaunchStoryboardName = LaunchScreen;
				INFOPLIST_KEY_UIMainStoryboardFile = Home;
				INFOPLIST_KEY_UISupportedInterfaceOrientations_iPad = "UIInterfaceOrientationPortrait UIInterfaceOrientationPortraitUpsideDown UIInterfaceOrientationLandscapeLeft UIInterfaceOrientationLandscapeRight";
				INFOPLIST_KEY_UISupportedInterfaceOrientations_iPhone = "UIInterfaceOrientationPortrait UIInterfaceOrientationLandscapeLeft UIInterfaceOrientationLandscapeRight";
				IPHONEOS_DEPLOYMENT_TARGET = 13.0;
				LD_RUNPATH_SEARCH_PATHS = (
					"$(inherited)",
					"@executable_path/Frameworks",
				);
				MARKETING_VERSION = 1.0;
				PRODUCT_BUNDLE_IDENTIFIER = com.feridunerbas.MVVMUnitTesting;
				PRODUCT_NAME = "$(TARGET_NAME)";
				SWIFT_EMIT_LOC_STRINGS = YES;
				SWIFT_VERSION = 5.0;
				TARGETED_DEVICE_FAMILY = "1,2";
			};
			name = Debug;
		};
		868C071127C2303400C8B04E /* Release */ = {
			isa = XCBuildConfiguration;
			baseConfigurationReference = 7451021C2B20A3033511AAF1 /* Pods-MVVMUnitTesting.release.xcconfig */;
			buildSettings = {
				ASSETCATALOG_COMPILER_APPICON_NAME = AppIcon;
				ASSETCATALOG_COMPILER_GLOBAL_ACCENT_COLOR_NAME = AccentColor;
				CODE_SIGN_STYLE = Automatic;
				CURRENT_PROJECT_VERSION = 1;
				DEVELOPMENT_TEAM = 5J986FU6SD;
				GENERATE_INFOPLIST_FILE = YES;
				INFOPLIST_FILE = MVVMUnitTesting/Application/Resources/Info.plist;
				INFOPLIST_KEY_UIApplicationSupportsIndirectInputEvents = YES;
				INFOPLIST_KEY_UILaunchStoryboardName = LaunchScreen;
				INFOPLIST_KEY_UIMainStoryboardFile = Home;
				INFOPLIST_KEY_UISupportedInterfaceOrientations_iPad = "UIInterfaceOrientationPortrait UIInterfaceOrientationPortraitUpsideDown UIInterfaceOrientationLandscapeLeft UIInterfaceOrientationLandscapeRight";
				INFOPLIST_KEY_UISupportedInterfaceOrientations_iPhone = "UIInterfaceOrientationPortrait UIInterfaceOrientationLandscapeLeft UIInterfaceOrientationLandscapeRight";
				IPHONEOS_DEPLOYMENT_TARGET = 13.0;
				LD_RUNPATH_SEARCH_PATHS = (
					"$(inherited)",
					"@executable_path/Frameworks",
				);
				MARKETING_VERSION = 1.0;
				PRODUCT_BUNDLE_IDENTIFIER = com.feridunerbas.MVVMUnitTesting;
				PRODUCT_NAME = "$(TARGET_NAME)";
				SWIFT_EMIT_LOC_STRINGS = YES;
				SWIFT_VERSION = 5.0;
				TARGETED_DEVICE_FAMILY = "1,2";
			};
			name = Release;
		};
		868C071327C2303400C8B04E /* Debug */ = {
			isa = XCBuildConfiguration;
			baseConfigurationReference = ED41FE322B4320DEFC585724 /* Pods-MVVMUnitTestingTests.debug.xcconfig */;
			buildSettings = {
				ALWAYS_EMBED_SWIFT_STANDARD_LIBRARIES = YES;
				BUNDLE_LOADER = "$(TEST_HOST)";
				CODE_SIGN_STYLE = Automatic;
				CURRENT_PROJECT_VERSION = 1;
				DEVELOPMENT_TEAM = 5J986FU6SD;
				GENERATE_INFOPLIST_FILE = YES;
				IPHONEOS_DEPLOYMENT_TARGET = 13.0;
				MARKETING_VERSION = 1.0;
				PRODUCT_BUNDLE_IDENTIFIER = com.feridunerbas.MVVMUnitTestingTests;
				PRODUCT_NAME = "$(TARGET_NAME)";
				SWIFT_EMIT_LOC_STRINGS = NO;
				SWIFT_VERSION = 5.0;
				TARGETED_DEVICE_FAMILY = "1,2";
				TEST_HOST = "$(BUILT_PRODUCTS_DIR)/MVVMUnitTesting.app/MVVMUnitTesting";
			};
			name = Debug;
		};
		868C071427C2303400C8B04E /* Release */ = {
			isa = XCBuildConfiguration;
			baseConfigurationReference = CD4F3627ADD3F629656C1ACD /* Pods-MVVMUnitTestingTests.release.xcconfig */;
			buildSettings = {
				ALWAYS_EMBED_SWIFT_STANDARD_LIBRARIES = YES;
				BUNDLE_LOADER = "$(TEST_HOST)";
				CODE_SIGN_STYLE = Automatic;
				CURRENT_PROJECT_VERSION = 1;
				DEVELOPMENT_TEAM = 5J986FU6SD;
				GENERATE_INFOPLIST_FILE = YES;
				IPHONEOS_DEPLOYMENT_TARGET = 13.0;
				MARKETING_VERSION = 1.0;
				PRODUCT_BUNDLE_IDENTIFIER = com.feridunerbas.MVVMUnitTestingTests;
				PRODUCT_NAME = "$(TARGET_NAME)";
				SWIFT_EMIT_LOC_STRINGS = NO;
				SWIFT_VERSION = 5.0;
				TARGETED_DEVICE_FAMILY = "1,2";
				TEST_HOST = "$(BUILT_PRODUCTS_DIR)/MVVMUnitTesting.app/MVVMUnitTesting";
			};
			name = Release;
		};
		868C071627C2303400C8B04E /* Debug */ = {
			isa = XCBuildConfiguration;
			baseConfigurationReference = 51152F5532CD07C4A89B530B /* Pods-MVVMUnitTesting-MVVMUnitTestingUITests.debug.xcconfig */;
			buildSettings = {
				ALWAYS_EMBED_SWIFT_STANDARD_LIBRARIES = YES;
				CODE_SIGN_STYLE = Automatic;
				CURRENT_PROJECT_VERSION = 1;
				DEVELOPMENT_TEAM = 5J986FU6SD;
				GENERATE_INFOPLIST_FILE = YES;
				MARKETING_VERSION = 1.0;
				PRODUCT_BUNDLE_IDENTIFIER = com.feridunerbas.MVVMUnitTestingUITests;
				PRODUCT_NAME = "$(TARGET_NAME)";
				SWIFT_EMIT_LOC_STRINGS = NO;
				SWIFT_VERSION = 5.0;
				TARGETED_DEVICE_FAMILY = "1,2";
				TEST_TARGET_NAME = MVVMUnitTesting;
			};
			name = Debug;
		};
		868C071727C2303400C8B04E /* Release */ = {
			isa = XCBuildConfiguration;
			baseConfigurationReference = E47E11052BDF4CF8A27AE736 /* Pods-MVVMUnitTesting-MVVMUnitTestingUITests.release.xcconfig */;
			buildSettings = {
				ALWAYS_EMBED_SWIFT_STANDARD_LIBRARIES = YES;
				CODE_SIGN_STYLE = Automatic;
				CURRENT_PROJECT_VERSION = 1;
				DEVELOPMENT_TEAM = 5J986FU6SD;
				GENERATE_INFOPLIST_FILE = YES;
				MARKETING_VERSION = 1.0;
				PRODUCT_BUNDLE_IDENTIFIER = com.feridunerbas.MVVMUnitTestingUITests;
				PRODUCT_NAME = "$(TARGET_NAME)";
				SWIFT_EMIT_LOC_STRINGS = NO;
				SWIFT_VERSION = 5.0;
				TARGETED_DEVICE_FAMILY = "1,2";
				TEST_TARGET_NAME = MVVMUnitTesting;
			};
			name = Release;
		};
/* End XCBuildConfiguration section */

/* Begin XCConfigurationList section */
		868C06E027C2303300C8B04E /* Build configuration list for PBXProject "MVVMUnitTesting" */ = {
			isa = XCConfigurationList;
			buildConfigurations = (
				868C070D27C2303400C8B04E /* Debug */,
				868C070E27C2303400C8B04E /* Release */,
			);
			defaultConfigurationIsVisible = 0;
			defaultConfigurationName = Release;
		};
		868C070F27C2303400C8B04E /* Build configuration list for PBXNativeTarget "MVVMUnitTesting" */ = {
			isa = XCConfigurationList;
			buildConfigurations = (
				868C071027C2303400C8B04E /* Debug */,
				868C071127C2303400C8B04E /* Release */,
			);
			defaultConfigurationIsVisible = 0;
			defaultConfigurationName = Release;
		};
		868C071227C2303400C8B04E /* Build configuration list for PBXNativeTarget "MVVMUnitTestingTests" */ = {
			isa = XCConfigurationList;
			buildConfigurations = (
				868C071327C2303400C8B04E /* Debug */,
				868C071427C2303400C8B04E /* Release */,
			);
			defaultConfigurationIsVisible = 0;
			defaultConfigurationName = Release;
		};
		868C071527C2303400C8B04E /* Build configuration list for PBXNativeTarget "MVVMUnitTestingUITests" */ = {
			isa = XCConfigurationList;
			buildConfigurations = (
				868C071627C2303400C8B04E /* Debug */,
				868C071727C2303400C8B04E /* Release */,
			);
			defaultConfigurationIsVisible = 0;
			defaultConfigurationName = Release;
		};
/* End XCConfigurationList section */
	};
	rootObject = 868C06DD27C2303300C8B04E /* Project object */;
}
