PODS:
  - R.swift (6.1.0):
    - R.swift.Library (~> 5.3.0)
  - R.swift.Library (5.3.0)
  - Resolver (1.5.0)

DEPENDENCIES:
  - R.swift
  - Resolver

SPEC REPOS:
  trunk:
    - R.swift
    - R.swift.Library
    - Resolver

SPEC CHECKSUMS:
  R.swift: ec98ff71c4ab2f6fd01dd077e5afd15e63a4834c
  R.swift.Library: 0fc583cb55a99e28901299cc451614cad1161962
  Resolver: 68984624572763018fd8ec7b8e3e8df0e3b6bba5

PODFILE CHECKSUM: 9333bd856e973ec4f354db280a73b5848cf5175a

COCOAPODS: 1.11.2
